// !$*UTF8*$!
{
	archiveVersion = 1;
	classes = {
	};
	objectVersion = 46;
	objects = {

/* Begin PBXBuildFile section */
		32080A815F84F499DE68F0BF /* libPods-百思不得姐.a in Frameworks */ = {isa = PBXBuildFile; fileRef = 913E29F6C380E0E740E377BC /* libPods-百思不得姐.a */; };
		8403A6791E5CA9F000035605 /* SP_TopicCell.m in Sources */ = {isa = PBXBuildFile; fileRef = 8403A6781E5CA9F000035605 /* SP_TopicCell.m */; };
		8403A67C1E5CAD7800035605 /* SP_TopView.m in Sources */ = {isa = PBXBuildFile; fileRef = 8403A67B1E5CAD7800035605 /* SP_TopView.m */; };
		8403A6811E5CAEB600035605 /* SP_TopicModel.m in Sources */ = {isa = PBXBuildFile; fileRef = 8403A6801E5CAEB600035605 /* SP_TopicModel.m */; };
		8403A6831E5CBCBC00035605 /* SP_TopView.xib in Resources */ = {isa = PBXBuildFile; fileRef = 8403A6821E5CBCBC00035605 /* SP_TopView.xib */; };
		8406816D1E6A9D420005E1F5 /* SP_BottomView.m in Sources */ = {isa = PBXBuildFile; fileRef = 8406816C1E6A9D420005E1F5 /* SP_BottomView.m */; };
		8406816F1E6A9D500005E1F5 /* SP_BottomView.xib in Resources */ = {isa = PBXBuildFile; fileRef = 8406816E1E6A9D500005E1F5 /* SP_BottomView.xib */; };
		840681721E6AA0C30005E1F5 /* SP_CommitView.m in Sources */ = {isa = PBXBuildFile; fileRef = 840681711E6AA0C30005E1F5 /* SP_CommitView.m */; };
		840681741E6AA0D40005E1F5 /* SP_CommitView.xib in Resources */ = {isa = PBXBuildFile; fileRef = 840681731E6AA0D40005E1F5 /* SP_CommitView.xib */; };
		840681771E6AAE160005E1F5 /* SP_CommitModel.m in Sources */ = {isa = PBXBuildFile; fileRef = 840681761E6AAE160005E1F5 /* SP_CommitModel.m */; };
		8406817A1E6AAE770005E1F5 /* SP_UserModel.m in Sources */ = {isa = PBXBuildFile; fileRef = 840681791E6AAE770005E1F5 /* SP_UserModel.m */; };
		840681801E6AED120005E1F5 /* NSDate+SP_Date.m in Sources */ = {isa = PBXBuildFile; fileRef = 8406817F1E6AED120005E1F5 /* NSDate+SP_Date.m */; };
		8406818C1E6B0D8A0005E1F5 /* SPBigPictureViewController.m in Sources */ = {isa = PBXBuildFile; fileRef = 8406818A1E6B0D8A0005E1F5 /* SPBigPictureViewController.m */; };
		8406818D1E6B0D8A0005E1F5 /* SPBigPictureViewController.xib in Resources */ = {isa = PBXBuildFile; fileRef = 8406818B1E6B0D8A0005E1F5 /* SPBigPictureViewController.xib */; };
		840681901E6B13B30005E1F5 /* SP_BigPictureView.m in Sources */ = {isa = PBXBuildFile; fileRef = 8406818F1E6B13B30005E1F5 /* SP_BigPictureView.m */; };
		846FF6121E50C44400AAF730 /* SPAllViewController.m in Sources */ = {isa = PBXBuildFile; fileRef = 846FF6111E50C44400AAF730 /* SPAllViewController.m */; };
		846FF6151E50C47E00AAF730 /* SPVideoViewController.m in Sources */ = {isa = PBXBuildFile; fileRef = 846FF6141E50C47E00AAF730 /* SPVideoViewController.m */; };
		846FF6181E50C49900AAF730 /* SPPictureViewController.m in Sources */ = {isa = PBXBuildFile; fileRef = 846FF6171E50C49900AAF730 /* SPPictureViewController.m */; };
		846FF61B1E50C4A700AAF730 /* SPTextViewController.m in Sources */ = {isa = PBXBuildFile; fileRef = 846FF61A1E50C4A700AAF730 /* SPTextViewController.m */; };
		846FF61E1E50C4B600AAF730 /* SPVoiceViewController.m in Sources */ = {isa = PBXBuildFile; fileRef = 846FF61D1E50C4B600AAF730 /* SPVoiceViewController.m */; };
		847058AA1E46F1ED006F260B /* SPMineViewController.storyboard in Resources */ = {isa = PBXBuildFile; fileRef = 847058A91E46F1ED006F260B /* SPMineViewController.storyboard */; };
		847417681E69DE6C008123A4 /* SP_VideoView.m in Sources */ = {isa = PBXBuildFile; fileRef = 847417671E69DE6C008123A4 /* SP_VideoView.m */; };
		8474176A1E69DE7A008123A4 /* SP_VideoView.xib in Resources */ = {isa = PBXBuildFile; fileRef = 847417691E69DE7A008123A4 /* SP_VideoView.xib */; };
		84754B971E463C9F00AAC437 /* SPLoginRegisterViewController.m in Sources */ = {isa = PBXBuildFile; fileRef = 84754B961E463C9F00AAC437 /* SPLoginRegisterViewController.m */; };
		84754B991E463CEC00AAC437 /* SPLoginRegisterViewController.xib in Resources */ = {isa = PBXBuildFile; fileRef = 84754B981E463CEC00AAC437 /* SPLoginRegisterViewController.xib */; };
		84754B9C1E46420600AAC437 /* SP_LoginRegisterView.m in Sources */ = {isa = PBXBuildFile; fileRef = 84754B9B1E46420600AAC437 /* SP_LoginRegisterView.m */; };
		84754B9E1E46422A00AAC437 /* SP_LoginRegisterView.xib in Resources */ = {isa = PBXBuildFile; fileRef = 84754B9D1E46422A00AAC437 /* SP_LoginRegisterView.xib */; };
		84754BA11E464AB300AAC437 /* SP_FastLoginView.m in Sources */ = {isa = PBXBuildFile; fileRef = 84754BA01E464AB300AAC437 /* SP_FastLoginView.m */; };
		84754BA31E464ABE00AAC437 /* SP_FastLoginView.xib in Resources */ = {isa = PBXBuildFile; fileRef = 84754BA21E464ABE00AAC437 /* SP_FastLoginView.xib */; };
		84754BA61E464BDD00AAC437 /* SP_FastLoginButton.m in Sources */ = {isa = PBXBuildFile; fileRef = 84754BA51E464BDD00AAC437 /* SP_FastLoginButton.m */; };
		84754BA91E464DC600AAC437 /* SP_TextField.m in Sources */ = {isa = PBXBuildFile; fileRef = 84754BA81E464DC600AAC437 /* SP_TextField.m */; };
		8478B1521E2E19A600015297 /* SPADViewController.m in Sources */ = {isa = PBXBuildFile; fileRef = 8478B1501E2E19A600015297 /* SPADViewController.m */; };
		8478B1531E2E19A600015297 /* SPADViewController.xib in Resources */ = {isa = PBXBuildFile; fileRef = 8478B1511E2E19A600015297 /* SPADViewController.xib */; };
		8478B15C1E2E1D1E00015297 /* LaunchImage-568h@2x.png in Resources */ = {isa = PBXBuildFile; fileRef = 8478B1551E2E1D1E00015297 /* LaunchImage-568h@2x.png */; };
		8478B15D1E2E1D1E00015297 /* LaunchImage-700-568h@2x.png in Resources */ = {isa = PBXBuildFile; fileRef = 8478B1561E2E1D1E00015297 /* LaunchImage-700-568h@2x.png */; };
		8478B15E1E2E1D1E00015297 /* LaunchImage-700@2x.png in Resources */ = {isa = PBXBuildFile; fileRef = 8478B1571E2E1D1E00015297 /* LaunchImage-700@2x.png */; };
		8478B15F1E2E1D1E00015297 /* LaunchImage-800-667h@2x.png in Resources */ = {isa = PBXBuildFile; fileRef = 8478B1581E2E1D1E00015297 /* LaunchImage-800-667h@2x.png */; };
		8478B1601E2E1D1E00015297 /* LaunchImage-800-Portrait-736h@3x.png in Resources */ = {isa = PBXBuildFile; fileRef = 8478B1591E2E1D1E00015297 /* LaunchImage-800-Portrait-736h@3x.png */; };
		8478B1611E2E1D1E00015297 /* LaunchImage.png in Resources */ = {isa = PBXBuildFile; fileRef = 8478B15A1E2E1D1E00015297 /* LaunchImage.png */; };
		8478B1621E2E1D1E00015297 /* LaunchImage@2x.png in Resources */ = {isa = PBXBuildFile; fileRef = 8478B15B1E2E1D1E00015297 /* LaunchImage@2x.png */; };
		8478B1651E2E28A500015297 /* SP_ADModel.m in Sources */ = {isa = PBXBuildFile; fileRef = 8478B1641E2E28A500015297 /* SP_ADModel.m */; };
		84847ABB1E69EF7500D34022 /* SP_VoiceView.m in Sources */ = {isa = PBXBuildFile; fileRef = 84847ABA1E69EF7500D34022 /* SP_VoiceView.m */; };
		84847ABD1E69EF8100D34022 /* SP_VoiceView.xib in Resources */ = {isa = PBXBuildFile; fileRef = 84847ABC1E69EF8100D34022 /* SP_VoiceView.xib */; };
		849371F11E3095AC00548181 /* SPSubTagViewController.m in Sources */ = {isa = PBXBuildFile; fileRef = 849371F01E3095AC00548181 /* SPSubTagViewController.m */; };
		849371F41E30963300548181 /* SP_SubTagModel.m in Sources */ = {isa = PBXBuildFile; fileRef = 849371F31E30963300548181 /* SP_SubTagModel.m */; };
		849371F81E30966700548181 /* SP_SubTagCell.m in Sources */ = {isa = PBXBuildFile; fileRef = 849371F61E30966700548181 /* SP_SubTagCell.m */; };
		849371F91E30966700548181 /* SP_SubTagCell.xib in Resources */ = {isa = PBXBuildFile; fileRef = 849371F71E30966700548181 /* SP_SubTagCell.xib */; };
		849371FB1E309AF100548181 /* SPEssenceViewController.m in Sources */ = {isa = PBXBuildFile; fileRef = 84AF2ADF1E276E1C002C4E0D /* SPEssenceViewController.m */; };
		849372081E320AF600548181 /* SPFriendTrendViewController.xib in Resources */ = {isa = PBXBuildFile; fileRef = 849372071E320AF600548181 /* SPFriendTrendViewController.xib */; };
		8493720A1E320C6900548181 /* liumenli.png in Resources */ = {isa = PBXBuildFile; fileRef = 849372091E320C6900548181 /* liumenli.png */; };
		849E85701E46F6E100F60C81 /* SP_SquareModel.m in Sources */ = {isa = PBXBuildFile; fileRef = 849E856F1E46F6E100F60C81 /* SP_SquareModel.m */; };
		849E85741E46F93C00F60C81 /* SP_CollectionViewCell.m in Sources */ = {isa = PBXBuildFile; fileRef = 849E85721E46F93C00F60C81 /* SP_CollectionViewCell.m */; };
		849E85751E46F93C00F60C81 /* SP_CollectionViewCell.xib in Resources */ = {isa = PBXBuildFile; fileRef = 849E85731E46F93C00F60C81 /* SP_CollectionViewCell.xib */; };
		849E85791E471C2D00F60C81 /* SPWebkitViewController.m in Sources */ = {isa = PBXBuildFile; fileRef = 849E85771E471C2D00F60C81 /* SPWebkitViewController.m */; };
		849E857A1E471C2D00F60C81 /* SPWebkitViewController.xib in Resources */ = {isa = PBXBuildFile; fileRef = 849E85781E471C2D00F60C81 /* SPWebkitViewController.xib */; };
		84AF2ABD1E276CBE002C4E0D /* main.m in Sources */ = {isa = PBXBuildFile; fileRef = 84AF2ABC1E276CBE002C4E0D /* main.m */; };
		84AF2AC01E276CBE002C4E0D /* AppDelegate.m in Sources */ = {isa = PBXBuildFile; fileRef = 84AF2ABF1E276CBE002C4E0D /* AppDelegate.m */; };
		84AF2AC81E276CBE002C4E0D /* Assets.xcassets in Resources */ = {isa = PBXBuildFile; fileRef = 84AF2AC71E276CBE002C4E0D /* Assets.xcassets */; };
		84AF2ACB1E276CBE002C4E0D /* LaunchScreen.storyboard in Resources */ = {isa = PBXBuildFile; fileRef = 84AF2AC91E276CBE002C4E0D /* LaunchScreen.storyboard */; };
		84AF2B1A1E276E1C002C4E0D /* SPFriendTrendViewController.m in Sources */ = {isa = PBXBuildFile; fileRef = 84AF2AE51E276E1C002C4E0D /* SPFriendTrendViewController.m */; };
		84AF2B1B1E276E1C002C4E0D /* SPNavigationController.m in Sources */ = {isa = PBXBuildFile; fileRef = 84AF2AEB1E276E1C002C4E0D /* SPNavigationController.m */; };
		84AF2B1C1E276E1C002C4E0D /* SPTabBarController.m in Sources */ = {isa = PBXBuildFile; fileRef = 84AF2AED1E276E1C002C4E0D /* SPTabBarController.m */; };
		84AF2B1D1E276E1C002C4E0D /* SP_TabBar.m in Sources */ = {isa = PBXBuildFile; fileRef = 84AF2AF11E276E1C002C4E0D /* SP_TabBar.m */; };
		84AF2B1E1E276E1C002C4E0D /* SPMineViewController.m in Sources */ = {isa = PBXBuildFile; fileRef = 84AF2AF51E276E1C002C4E0D /* SPMineViewController.m */; };
		84AF2B1F1E276E1C002C4E0D /* SPNewViewController.m in Sources */ = {isa = PBXBuildFile; fileRef = 84AF2AFB1E276E1C002C4E0D /* SPNewViewController.m */; };
		84AF2B211E276E1C002C4E0D /* UIBarButtonItem+SP_BarbuttonItem.m in Sources */ = {isa = PBXBuildFile; fileRef = 84AF2B041E276E1C002C4E0D /* UIBarButtonItem+SP_BarbuttonItem.m */; };
		84AF2B221E276E1C002C4E0D /* UIColor+SP_Color.m in Sources */ = {isa = PBXBuildFile; fileRef = 84AF2B061E276E1C002C4E0D /* UIColor+SP_Color.m */; };
		84AF2B231E276E1C002C4E0D /* UIImage+SP_Image.m in Sources */ = {isa = PBXBuildFile; fileRef = 84AF2B081E276E1C002C4E0D /* UIImage+SP_Image.m */; };
		84AF2B241E276E1C002C4E0D /* UITextField+SP_textField.m in Sources */ = {isa = PBXBuildFile; fileRef = 84AF2B0A1E276E1C002C4E0D /* UITextField+SP_textField.m */; };
		84AF2B251E276E1C002C4E0D /* UIView+SP_Frame.m in Sources */ = {isa = PBXBuildFile; fileRef = 84AF2B0C1E276E1C002C4E0D /* UIView+SP_Frame.m */; };
		84AF2B261E276E1C002C4E0D /* SPPublishViewController.m in Sources */ = {isa = PBXBuildFile; fileRef = 84AF2B101E276E1C002C4E0D /* SPPublishViewController.m */; };
		84AF2B271E276E1C002C4E0D /* SPSettingViewController.m in Sources */ = {isa = PBXBuildFile; fileRef = 84AF2B161E276E1C002C4E0D /* SPSettingViewController.m */; };
		84B8D43A1E61913F00C1BDD8 /* SP_TopicViewModel.m in Sources */ = {isa = PBXBuildFile; fileRef = 84B8D4391E61913F00C1BDD8 /* SP_TopicViewModel.m */; };
		84B8D43D1E61A91B00C1BDD8 /* SP_PictureView.m in Sources */ = {isa = PBXBuildFile; fileRef = 84B8D43C1E61A91B00C1BDD8 /* SP_PictureView.m */; };
		84B8D43F1E61A92A00C1BDD8 /* SP_PictureView.xib in Resources */ = {isa = PBXBuildFile; fileRef = 84B8D43E1E61A92A00C1BDD8 /* SP_PictureView.xib */; };
		84B8D4451E61BC4300C1BDD8 /* SP_BaseView.m in Sources */ = {isa = PBXBuildFile; fileRef = 84B8D4441E61BC4300C1BDD8 /* SP_BaseView.m */; };
		84B8D44B1E61C2BE00C1BDD8 /* NSString+SP_String.m in Sources */ = {isa = PBXBuildFile; fileRef = 84B8D44A1E61C2BE00C1BDD8 /* NSString+SP_String.m */; };
		84C5CA981E767BA50014C340 /* SP_PhotoManager.m in Sources */ = {isa = PBXBuildFile; fileRef = 84C5CA971E767BA50014C340 /* SP_PhotoManager.m */; };
		84F76BBD1E5B57440062D869 /* AFHTTPSessionManager+SP_Manager.m in Sources */ = {isa = PBXBuildFile; fileRef = 84F76BBA1E5B57440062D869 /* AFHTTPSessionManager+SP_Manager.m */; };
		84F76BBE1E5B57440062D869 /* SP_FileManager.m in Sources */ = {isa = PBXBuildFile; fileRef = 84F76BBC1E5B57440062D869 /* SP_FileManager.m */; };
		84F76BC21E5B579A0062D869 /* SPBaseViewController.m in Sources */ = {isa = PBXBuildFile; fileRef = 84F76BC11E5B579A0062D869 /* SPBaseViewController.m */; };
/* End PBXBuildFile section */

/* Begin PBXFileReference section */
		62462BA872B102522BE4985B /* Pods-百思不得姐.release.xcconfig */ = {isa = PBXFileReference; includeInIndex = 1; lastKnownFileType = text.xcconfig; name = "Pods-百思不得姐.release.xcconfig"; path = "Pods/Target Support Files/Pods-百思不得姐/Pods-百思不得姐.release.xcconfig"; sourceTree = "<group>"; };
		8403A6771E5CA9F000035605 /* SP_TopicCell.h */ = {isa = PBXFileReference; fileEncoding = 4; lastKnownFileType = sourcecode.c.h; path = SP_TopicCell.h; sourceTree = "<group>"; };
		8403A6781E5CA9F000035605 /* SP_TopicCell.m */ = {isa = PBXFileReference; fileEncoding = 4; lastKnownFileType = sourcecode.c.objc; path = SP_TopicCell.m; sourceTree = "<group>"; };
		8403A67A1E5CAD7800035605 /* SP_TopView.h */ = {isa = PBXFileReference; fileEncoding = 4; lastKnownFileType = sourcecode.c.h; path = SP_TopView.h; sourceTree = "<group>"; };
		8403A67B1E5CAD7800035605 /* SP_TopView.m */ = {isa = PBXFileReference; fileEncoding = 4; lastKnownFileType = sourcecode.c.objc; path = SP_TopView.m; sourceTree = "<group>"; };
		8403A67F1E5CAEB600035605 /* SP_TopicModel.h */ = {isa = PBXFileReference; fileEncoding = 4; lastKnownFileType = sourcecode.c.h; path = SP_TopicModel.h; sourceTree = "<group>"; };
		8403A6801E5CAEB600035605 /* SP_TopicModel.m */ = {isa = PBXFileReference; fileEncoding = 4; lastKnownFileType = sourcecode.c.objc; path = SP_TopicModel.m; sourceTree = "<group>"; };
		8403A6821E5CBCBC00035605 /* SP_TopView.xib */ = {isa = PBXFileReference; fileEncoding = 4; lastKnownFileType = file.xib; path = SP_TopView.xib; sourceTree = "<group>"; };
		8406816B1E6A9D420005E1F5 /* SP_BottomView.h */ = {isa = PBXFileReference; fileEncoding = 4; lastKnownFileType = sourcecode.c.h; path = SP_BottomView.h; sourceTree = "<group>"; };
		8406816C1E6A9D420005E1F5 /* SP_BottomView.m */ = {isa = PBXFileReference; fileEncoding = 4; lastKnownFileType = sourcecode.c.objc; path = SP_BottomView.m; sourceTree = "<group>"; };
		8406816E1E6A9D500005E1F5 /* SP_BottomView.xib */ = {isa = PBXFileReference; fileEncoding = 4; lastKnownFileType = file.xib; path = SP_BottomView.xib; sourceTree = "<group>"; };
		840681701E6AA0C30005E1F5 /* SP_CommitView.h */ = {isa = PBXFileReference; fileEncoding = 4; lastKnownFileType = sourcecode.c.h; path = SP_CommitView.h; sourceTree = "<group>"; };
		840681711E6AA0C30005E1F5 /* SP_CommitView.m */ = {isa = PBXFileReference; fileEncoding = 4; lastKnownFileType = sourcecode.c.objc; path = SP_CommitView.m; sourceTree = "<group>"; };
		840681731E6AA0D40005E1F5 /* SP_CommitView.xib */ = {isa = PBXFileReference; fileEncoding = 4; lastKnownFileType = file.xib; path = SP_CommitView.xib; sourceTree = "<group>"; };
		840681751E6AAE160005E1F5 /* SP_CommitModel.h */ = {isa = PBXFileReference; fileEncoding = 4; lastKnownFileType = sourcecode.c.h; path = SP_CommitModel.h; sourceTree = "<group>"; };
		840681761E6AAE160005E1F5 /* SP_CommitModel.m */ = {isa = PBXFileReference; fileEncoding = 4; lastKnownFileType = sourcecode.c.objc; path = SP_CommitModel.m; sourceTree = "<group>"; };
		840681781E6AAE770005E1F5 /* SP_UserModel.h */ = {isa = PBXFileReference; fileEncoding = 4; lastKnownFileType = sourcecode.c.h; path = SP_UserModel.h; sourceTree = "<group>"; };
		840681791E6AAE770005E1F5 /* SP_UserModel.m */ = {isa = PBXFileReference; fileEncoding = 4; lastKnownFileType = sourcecode.c.objc; path = SP_UserModel.m; sourceTree = "<group>"; };
		8406817E1E6AED120005E1F5 /* NSDate+SP_Date.h */ = {isa = PBXFileReference; fileEncoding = 4; lastKnownFileType = sourcecode.c.h; path = "NSDate+SP_Date.h"; sourceTree = "<group>"; };
		8406817F1E6AED120005E1F5 /* NSDate+SP_Date.m */ = {isa = PBXFileReference; fileEncoding = 4; lastKnownFileType = sourcecode.c.objc; path = "NSDate+SP_Date.m"; sourceTree = "<group>"; };
		840681891E6B0D8A0005E1F5 /* SPBigPictureViewController.h */ = {isa = PBXFileReference; fileEncoding = 4; lastKnownFileType = sourcecode.c.h; path = SPBigPictureViewController.h; sourceTree = "<group>"; };
		8406818A1E6B0D8A0005E1F5 /* SPBigPictureViewController.m */ = {isa = PBXFileReference; fileEncoding = 4; lastKnownFileType = sourcecode.c.objc; path = SPBigPictureViewController.m; sourceTree = "<group>"; };
		8406818B1E6B0D8A0005E1F5 /* SPBigPictureViewController.xib */ = {isa = PBXFileReference; fileEncoding = 4; lastKnownFileType = file.xib; path = SPBigPictureViewController.xib; sourceTree = "<group>"; };
		8406818E1E6B13B30005E1F5 /* SP_BigPictureView.h */ = {isa = PBXFileReference; fileEncoding = 4; lastKnownFileType = sourcecode.c.h; path = SP_BigPictureView.h; sourceTree = "<group>"; };
		8406818F1E6B13B30005E1F5 /* SP_BigPictureView.m */ = {isa = PBXFileReference; fileEncoding = 4; lastKnownFileType = sourcecode.c.objc; path = SP_BigPictureView.m; sourceTree = "<group>"; };
		846FF6101E50C44400AAF730 /* SPAllViewController.h */ = {isa = PBXFileReference; fileEncoding = 4; lastKnownFileType = sourcecode.c.h; path = SPAllViewController.h; sourceTree = "<group>"; };
		846FF6111E50C44400AAF730 /* SPAllViewController.m */ = {isa = PBXFileReference; fileEncoding = 4; lastKnownFileType = sourcecode.c.objc; path = SPAllViewController.m; sourceTree = "<group>"; };
		846FF6131E50C47E00AAF730 /* SPVideoViewController.h */ = {isa = PBXFileReference; fileEncoding = 4; lastKnownFileType = sourcecode.c.h; path = SPVideoViewController.h; sourceTree = "<group>"; };
		846FF6141E50C47E00AAF730 /* SPVideoViewController.m */ = {isa = PBXFileReference; fileEncoding = 4; lastKnownFileType = sourcecode.c.objc; path = SPVideoViewController.m; sourceTree = "<group>"; };
		846FF6161E50C49900AAF730 /* SPPictureViewController.h */ = {isa = PBXFileReference; fileEncoding = 4; lastKnownFileType = sourcecode.c.h; path = SPPictureViewController.h; sourceTree = "<group>"; };
		846FF6171E50C49900AAF730 /* SPPictureViewController.m */ = {isa = PBXFileReference; fileEncoding = 4; lastKnownFileType = sourcecode.c.objc; path = SPPictureViewController.m; sourceTree = "<group>"; };
		846FF6191E50C4A700AAF730 /* SPTextViewController.h */ = {isa = PBXFileReference; fileEncoding = 4; lastKnownFileType = sourcecode.c.h; path = SPTextViewController.h; sourceTree = "<group>"; };
		846FF61A1E50C4A700AAF730 /* SPTextViewController.m */ = {isa = PBXFileReference; fileEncoding = 4; lastKnownFileType = sourcecode.c.objc; path = SPTextViewController.m; sourceTree = "<group>"; };
		846FF61C1E50C4B600AAF730 /* SPVoiceViewController.h */ = {isa = PBXFileReference; fileEncoding = 4; lastKnownFileType = sourcecode.c.h; path = SPVoiceViewController.h; sourceTree = "<group>"; };
		846FF61D1E50C4B600AAF730 /* SPVoiceViewController.m */ = {isa = PBXFileReference; fileEncoding = 4; lastKnownFileType = sourcecode.c.objc; path = SPVoiceViewController.m; sourceTree = "<group>"; };
		847058A91E46F1ED006F260B /* SPMineViewController.storyboard */ = {isa = PBXFileReference; fileEncoding = 4; lastKnownFileType = file.storyboard; path = SPMineViewController.storyboard; sourceTree = "<group>"; };
		847417661E69DE6C008123A4 /* SP_VideoView.h */ = {isa = PBXFileReference; fileEncoding = 4; lastKnownFileType = sourcecode.c.h; path = SP_VideoView.h; sourceTree = "<group>"; };
		847417671E69DE6C008123A4 /* SP_VideoView.m */ = {isa = PBXFileReference; fileEncoding = 4; lastKnownFileType = sourcecode.c.objc; path = SP_VideoView.m; sourceTree = "<group>"; };
		847417691E69DE7A008123A4 /* SP_VideoView.xib */ = {isa = PBXFileReference; fileEncoding = 4; lastKnownFileType = file.xib; path = SP_VideoView.xib; sourceTree = "<group>"; };
		84754B951E463C9F00AAC437 /* SPLoginRegisterViewController.h */ = {isa = PBXFileReference; fileEncoding = 4; lastKnownFileType = sourcecode.c.h; path = SPLoginRegisterViewController.h; sourceTree = "<group>"; };
		84754B961E463C9F00AAC437 /* SPLoginRegisterViewController.m */ = {isa = PBXFileReference; fileEncoding = 4; lastKnownFileType = sourcecode.c.objc; path = SPLoginRegisterViewController.m; sourceTree = "<group>"; };
		84754B981E463CEC00AAC437 /* SPLoginRegisterViewController.xib */ = {isa = PBXFileReference; fileEncoding = 4; lastKnownFileType = file.xib; path = SPLoginRegisterViewController.xib; sourceTree = "<group>"; };
		84754B9A1E46420600AAC437 /* SP_LoginRegisterView.h */ = {isa = PBXFileReference; fileEncoding = 4; lastKnownFileType = sourcecode.c.h; path = SP_LoginRegisterView.h; sourceTree = "<group>"; };
		84754B9B1E46420600AAC437 /* SP_LoginRegisterView.m */ = {isa = PBXFileReference; fileEncoding = 4; lastKnownFileType = sourcecode.c.objc; path = SP_LoginRegisterView.m; sourceTree = "<group>"; };
		84754B9D1E46422A00AAC437 /* SP_LoginRegisterView.xib */ = {isa = PBXFileReference; fileEncoding = 4; lastKnownFileType = file.xib; path = SP_LoginRegisterView.xib; sourceTree = "<group>"; };
		84754B9F1E464AB300AAC437 /* SP_FastLoginView.h */ = {isa = PBXFileReference; fileEncoding = 4; lastKnownFileType = sourcecode.c.h; path = SP_FastLoginView.h; sourceTree = "<group>"; };
		84754BA01E464AB300AAC437 /* SP_FastLoginView.m */ = {isa = PBXFileReference; fileEncoding = 4; lastKnownFileType = sourcecode.c.objc; path = SP_FastLoginView.m; sourceTree = "<group>"; };
		84754BA21E464ABE00AAC437 /* SP_FastLoginView.xib */ = {isa = PBXFileReference; fileEncoding = 4; lastKnownFileType = file.xib; path = SP_FastLoginView.xib; sourceTree = "<group>"; };
		84754BA41E464BDD00AAC437 /* SP_FastLoginButton.h */ = {isa = PBXFileReference; fileEncoding = 4; lastKnownFileType = sourcecode.c.h; path = SP_FastLoginButton.h; sourceTree = "<group>"; };
		84754BA51E464BDD00AAC437 /* SP_FastLoginButton.m */ = {isa = PBXFileReference; fileEncoding = 4; lastKnownFileType = sourcecode.c.objc; path = SP_FastLoginButton.m; sourceTree = "<group>"; };
		84754BA71E464DC600AAC437 /* SP_TextField.h */ = {isa = PBXFileReference; fileEncoding = 4; lastKnownFileType = sourcecode.c.h; path = SP_TextField.h; sourceTree = "<group>"; };
		84754BA81E464DC600AAC437 /* SP_TextField.m */ = {isa = PBXFileReference; fileEncoding = 4; lastKnownFileType = sourcecode.c.objc; path = SP_TextField.m; sourceTree = "<group>"; };
		8478B14F1E2E19A600015297 /* SPADViewController.h */ = {isa = PBXFileReference; fileEncoding = 4; lastKnownFileType = sourcecode.c.h; path = SPADViewController.h; sourceTree = "<group>"; };
		8478B1501E2E19A600015297 /* SPADViewController.m */ = {isa = PBXFileReference; fileEncoding = 4; lastKnownFileType = sourcecode.c.objc; path = SPADViewController.m; sourceTree = "<group>"; };
		8478B1511E2E19A600015297 /* SPADViewController.xib */ = {isa = PBXFileReference; fileEncoding = 4; lastKnownFileType = file.xib; path = SPADViewController.xib; sourceTree = "<group>"; };
		8478B1551E2E1D1E00015297 /* LaunchImage-568h@2x.png */ = {isa = PBXFileReference; lastKnownFileType = image.png; path = "LaunchImage-568h@2x.png"; sourceTree = "<group>"; };
		8478B1561E2E1D1E00015297 /* LaunchImage-700-568h@2x.png */ = {isa = PBXFileReference; lastKnownFileType = image.png; path = "LaunchImage-700-568h@2x.png"; sourceTree = "<group>"; };
		8478B1571E2E1D1E00015297 /* LaunchImage-700@2x.png */ = {isa = PBXFileReference; lastKnownFileType = image.png; path = "LaunchImage-700@2x.png"; sourceTree = "<group>"; };
		8478B1581E2E1D1E00015297 /* LaunchImage-800-667h@2x.png */ = {isa = PBXFileReference; lastKnownFileType = image.png; path = "LaunchImage-800-667h@2x.png"; sourceTree = "<group>"; };
		8478B1591E2E1D1E00015297 /* LaunchImage-800-Portrait-736h@3x.png */ = {isa = PBXFileReference; lastKnownFileType = image.png; path = "LaunchImage-800-Portrait-736h@3x.png"; sourceTree = "<group>"; };
		8478B15A1E2E1D1E00015297 /* LaunchImage.png */ = {isa = PBXFileReference; lastKnownFileType = image.png; path = LaunchImage.png; sourceTree = "<group>"; };
		8478B15B1E2E1D1E00015297 /* LaunchImage@2x.png */ = {isa = PBXFileReference; lastKnownFileType = image.png; path = "LaunchImage@2x.png"; sourceTree = "<group>"; };
		8478B1631E2E28A500015297 /* SP_ADModel.h */ = {isa = PBXFileReference; fileEncoding = 4; lastKnownFileType = sourcecode.c.h; path = SP_ADModel.h; sourceTree = "<group>"; };
		8478B1641E2E28A500015297 /* SP_ADModel.m */ = {isa = PBXFileReference; fileEncoding = 4; lastKnownFileType = sourcecode.c.objc; path = SP_ADModel.m; sourceTree = "<group>"; };
		84847AB91E69EF7500D34022 /* SP_VoiceView.h */ = {isa = PBXFileReference; fileEncoding = 4; lastKnownFileType = sourcecode.c.h; path = SP_VoiceView.h; sourceTree = "<group>"; };
		84847ABA1E69EF7500D34022 /* SP_VoiceView.m */ = {isa = PBXFileReference; fileEncoding = 4; lastKnownFileType = sourcecode.c.objc; path = SP_VoiceView.m; sourceTree = "<group>"; };
		84847ABC1E69EF8100D34022 /* SP_VoiceView.xib */ = {isa = PBXFileReference; fileEncoding = 4; lastKnownFileType = file.xib; path = SP_VoiceView.xib; sourceTree = "<group>"; };
		849371EF1E3095AC00548181 /* SPSubTagViewController.h */ = {isa = PBXFileReference; fileEncoding = 4; lastKnownFileType = sourcecode.c.h; path = SPSubTagViewController.h; sourceTree = "<group>"; };
		849371F01E3095AC00548181 /* SPSubTagViewController.m */ = {isa = PBXFileReference; fileEncoding = 4; lastKnownFileType = sourcecode.c.objc; path = SPSubTagViewController.m; sourceTree = "<group>"; };
		849371F21E30963300548181 /* SP_SubTagModel.h */ = {isa = PBXFileReference; fileEncoding = 4; lastKnownFileType = sourcecode.c.h; path = SP_SubTagModel.h; sourceTree = "<group>"; };
		849371F31E30963300548181 /* SP_SubTagModel.m */ = {isa = PBXFileReference; fileEncoding = 4; lastKnownFileType = sourcecode.c.objc; path = SP_SubTagModel.m; sourceTree = "<group>"; };
		849371F51E30966700548181 /* SP_SubTagCell.h */ = {isa = PBXFileReference; fileEncoding = 4; lastKnownFileType = sourcecode.c.h; path = SP_SubTagCell.h; sourceTree = "<group>"; };
		849371F61E30966700548181 /* SP_SubTagCell.m */ = {isa = PBXFileReference; fileEncoding = 4; lastKnownFileType = sourcecode.c.objc; path = SP_SubTagCell.m; sourceTree = "<group>"; };
		849371F71E30966700548181 /* SP_SubTagCell.xib */ = {isa = PBXFileReference; fileEncoding = 4; lastKnownFileType = file.xib; path = SP_SubTagCell.xib; sourceTree = "<group>"; };
		849372071E320AF600548181 /* SPFriendTrendViewController.xib */ = {isa = PBXFileReference; fileEncoding = 4; lastKnownFileType = file.xib; path = SPFriendTrendViewController.xib; sourceTree = "<group>"; };
		849372091E320C6900548181 /* liumenli.png */ = {isa = PBXFileReference; lastKnownFileType = image.png; path = liumenli.png; sourceTree = "<group>"; };
		849E856E1E46F6E100F60C81 /* SP_SquareModel.h */ = {isa = PBXFileReference; fileEncoding = 4; lastKnownFileType = sourcecode.c.h; path = SP_SquareModel.h; sourceTree = "<group>"; };
		849E856F1E46F6E100F60C81 /* SP_SquareModel.m */ = {isa = PBXFileReference; fileEncoding = 4; lastKnownFileType = sourcecode.c.objc; path = SP_SquareModel.m; sourceTree = "<group>"; };
		849E85711E46F93C00F60C81 /* SP_CollectionViewCell.h */ = {isa = PBXFileReference; fileEncoding = 4; lastKnownFileType = sourcecode.c.h; path = SP_CollectionViewCell.h; sourceTree = "<group>"; };
		849E85721E46F93C00F60C81 /* SP_CollectionViewCell.m */ = {isa = PBXFileReference; fileEncoding = 4; lastKnownFileType = sourcecode.c.objc; path = SP_CollectionViewCell.m; sourceTree = "<group>"; };
		849E85731E46F93C00F60C81 /* SP_CollectionViewCell.xib */ = {isa = PBXFileReference; fileEncoding = 4; lastKnownFileType = file.xib; path = SP_CollectionViewCell.xib; sourceTree = "<group>"; };
		849E85761E471C2D00F60C81 /* SPWebkitViewController.h */ = {isa = PBXFileReference; fileEncoding = 4; lastKnownFileType = sourcecode.c.h; path = SPWebkitViewController.h; sourceTree = "<group>"; };
		849E85771E471C2D00F60C81 /* SPWebkitViewController.m */ = {isa = PBXFileReference; fileEncoding = 4; lastKnownFileType = sourcecode.c.objc; path = SPWebkitViewController.m; sourceTree = "<group>"; };
		849E85781E471C2D00F60C81 /* SPWebkitViewController.xib */ = {isa = PBXFileReference; fileEncoding = 4; lastKnownFileType = file.xib; path = SPWebkitViewController.xib; sourceTree = "<group>"; };
		84AF2AB81E276CBE002C4E0D /* 百思不得姐.app */ = {isa = PBXFileReference; explicitFileType = wrapper.application; includeInIndex = 0; path = "百思不得姐.app"; sourceTree = BUILT_PRODUCTS_DIR; };
		84AF2ABC1E276CBE002C4E0D /* main.m */ = {isa = PBXFileReference; lastKnownFileType = sourcecode.c.objc; path = main.m; sourceTree = "<group>"; };
		84AF2ABE1E276CBE002C4E0D /* AppDelegate.h */ = {isa = PBXFileReference; lastKnownFileType = sourcecode.c.h; path = AppDelegate.h; sourceTree = "<group>"; };
		84AF2ABF1E276CBE002C4E0D /* AppDelegate.m */ = {isa = PBXFileReference; lastKnownFileType = sourcecode.c.objc; path = AppDelegate.m; sourceTree = "<group>"; };
		84AF2AC71E276CBE002C4E0D /* Assets.xcassets */ = {isa = PBXFileReference; lastKnownFileType = folder.assetcatalog; path = Assets.xcassets; sourceTree = "<group>"; };
		84AF2ACA1E276CBE002C4E0D /* Base */ = {isa = PBXFileReference; lastKnownFileType = file.storyboard; name = Base; path = Base.lproj/LaunchScreen.storyboard; sourceTree = "<group>"; };
		84AF2ACC1E276CBE002C4E0D /* Info.plist */ = {isa = PBXFileReference; lastKnownFileType = text.plist.xml; path = Info.plist; sourceTree = "<group>"; };
		84AF2ADE1E276E1C002C4E0D /* SPEssenceViewController.h */ = {isa = PBXFileReference; fileEncoding = 4; lastKnownFileType = sourcecode.c.h; path = SPEssenceViewController.h; sourceTree = "<group>"; };
		84AF2ADF1E276E1C002C4E0D /* SPEssenceViewController.m */ = {isa = PBXFileReference; fileEncoding = 4; lastKnownFileType = sourcecode.c.objc; path = SPEssenceViewController.m; sourceTree = "<group>"; };
		84AF2AE41E276E1C002C4E0D /* SPFriendTrendViewController.h */ = {isa = PBXFileReference; fileEncoding = 4; lastKnownFileType = sourcecode.c.h; path = SPFriendTrendViewController.h; sourceTree = "<group>"; };
		84AF2AE51E276E1C002C4E0D /* SPFriendTrendViewController.m */ = {isa = PBXFileReference; fileEncoding = 4; lastKnownFileType = sourcecode.c.objc; path = SPFriendTrendViewController.m; sourceTree = "<group>"; };
		84AF2AEA1E276E1C002C4E0D /* SPNavigationController.h */ = {isa = PBXFileReference; fileEncoding = 4; lastKnownFileType = sourcecode.c.h; path = SPNavigationController.h; sourceTree = "<group>"; };
		84AF2AEB1E276E1C002C4E0D /* SPNavigationController.m */ = {isa = PBXFileReference; fileEncoding = 4; lastKnownFileType = sourcecode.c.objc; path = SPNavigationController.m; sourceTree = "<group>"; };
		84AF2AEC1E276E1C002C4E0D /* SPTabBarController.h */ = {isa = PBXFileReference; fileEncoding = 4; lastKnownFileType = sourcecode.c.h; path = SPTabBarController.h; sourceTree = "<group>"; };
		84AF2AED1E276E1C002C4E0D /* SPTabBarController.m */ = {isa = PBXFileReference; fileEncoding = 4; lastKnownFileType = sourcecode.c.objc; path = SPTabBarController.m; sourceTree = "<group>"; };
		84AF2AF01E276E1C002C4E0D /* SP_TabBar.h */ = {isa = PBXFileReference; fileEncoding = 4; lastKnownFileType = sourcecode.c.h; path = SP_TabBar.h; sourceTree = "<group>"; };
		84AF2AF11E276E1C002C4E0D /* SP_TabBar.m */ = {isa = PBXFileReference; fileEncoding = 4; lastKnownFileType = sourcecode.c.objc; path = SP_TabBar.m; sourceTree = "<group>"; };
		84AF2AF41E276E1C002C4E0D /* SPMineViewController.h */ = {isa = PBXFileReference; fileEncoding = 4; lastKnownFileType = sourcecode.c.h; path = SPMineViewController.h; sourceTree = "<group>"; };
		84AF2AF51E276E1C002C4E0D /* SPMineViewController.m */ = {isa = PBXFileReference; fileEncoding = 4; lastKnownFileType = sourcecode.c.objc; path = SPMineViewController.m; sourceTree = "<group>"; };
		84AF2AFA1E276E1C002C4E0D /* SPNewViewController.h */ = {isa = PBXFileReference; fileEncoding = 4; lastKnownFileType = sourcecode.c.h; path = SPNewViewController.h; sourceTree = "<group>"; };
		84AF2AFB1E276E1C002C4E0D /* SPNewViewController.m */ = {isa = PBXFileReference; fileEncoding = 4; lastKnownFileType = sourcecode.c.objc; path = SPNewViewController.m; sourceTree = "<group>"; };
		84AF2AFF1E276E1C002C4E0D /* BSBDJ.pch */ = {isa = PBXFileReference; fileEncoding = 4; lastKnownFileType = sourcecode.c.h; path = BSBDJ.pch; sourceTree = "<group>"; };
		84AF2B031E276E1C002C4E0D /* UIBarButtonItem+SP_BarbuttonItem.h */ = {isa = PBXFileReference; fileEncoding = 4; lastKnownFileType = sourcecode.c.h; path = "UIBarButtonItem+SP_BarbuttonItem.h"; sourceTree = "<group>"; };
		84AF2B041E276E1C002C4E0D /* UIBarButtonItem+SP_BarbuttonItem.m */ = {isa = PBXFileReference; fileEncoding = 4; lastKnownFileType = sourcecode.c.objc; path = "UIBarButtonItem+SP_BarbuttonItem.m"; sourceTree = "<group>"; };
		84AF2B051E276E1C002C4E0D /* UIColor+SP_Color.h */ = {isa = PBXFileReference; fileEncoding = 4; lastKnownFileType = sourcecode.c.h; path = "UIColor+SP_Color.h"; sourceTree = "<group>"; };
		84AF2B061E276E1C002C4E0D /* UIColor+SP_Color.m */ = {isa = PBXFileReference; fileEncoding = 4; lastKnownFileType = sourcecode.c.objc; path = "UIColor+SP_Color.m"; sourceTree = "<group>"; };
		84AF2B071E276E1C002C4E0D /* UIImage+SP_Image.h */ = {isa = PBXFileReference; fileEncoding = 4; lastKnownFileType = sourcecode.c.h; path = "UIImage+SP_Image.h"; sourceTree = "<group>"; };
		84AF2B081E276E1C002C4E0D /* UIImage+SP_Image.m */ = {isa = PBXFileReference; fileEncoding = 4; lastKnownFileType = sourcecode.c.objc; path = "UIImage+SP_Image.m"; sourceTree = "<group>"; };
		84AF2B091E276E1C002C4E0D /* UITextField+SP_textField.h */ = {isa = PBXFileReference; fileEncoding = 4; lastKnownFileType = sourcecode.c.h; path = "UITextField+SP_textField.h"; sourceTree = "<group>"; };
		84AF2B0A1E276E1C002C4E0D /* UITextField+SP_textField.m */ = {isa = PBXFileReference; fileEncoding = 4; lastKnownFileType = sourcecode.c.objc; path = "UITextField+SP_textField.m"; sourceTree = "<group>"; };
		84AF2B0B1E276E1C002C4E0D /* UIView+SP_Frame.h */ = {isa = PBXFileReference; fileEncoding = 4; lastKnownFileType = sourcecode.c.h; path = "UIView+SP_Frame.h"; sourceTree = "<group>"; };
		84AF2B0C1E276E1C002C4E0D /* UIView+SP_Frame.m */ = {isa = PBXFileReference; fileEncoding = 4; lastKnownFileType = sourcecode.c.objc; path = "UIView+SP_Frame.m"; sourceTree = "<group>"; };
		84AF2B0F1E276E1C002C4E0D /* SPPublishViewController.h */ = {isa = PBXFileReference; fileEncoding = 4; lastKnownFileType = sourcecode.c.h; path = SPPublishViewController.h; sourceTree = "<group>"; };
		84AF2B101E276E1C002C4E0D /* SPPublishViewController.m */ = {isa = PBXFileReference; fileEncoding = 4; lastKnownFileType = sourcecode.c.objc; path = SPPublishViewController.m; sourceTree = "<group>"; };
		84AF2B151E276E1C002C4E0D /* SPSettingViewController.h */ = {isa = PBXFileReference; fileEncoding = 4; lastKnownFileType = sourcecode.c.h; path = SPSettingViewController.h; sourceTree = "<group>"; };
		84AF2B161E276E1C002C4E0D /* SPSettingViewController.m */ = {isa = PBXFileReference; fileEncoding = 4; lastKnownFileType = sourcecode.c.objc; path = SPSettingViewController.m; sourceTree = "<group>"; };
		84B8D4381E61913F00C1BDD8 /* SP_TopicViewModel.h */ = {isa = PBXFileReference; fileEncoding = 4; lastKnownFileType = sourcecode.c.h; path = SP_TopicViewModel.h; sourceTree = "<group>"; };
		84B8D4391E61913F00C1BDD8 /* SP_TopicViewModel.m */ = {isa = PBXFileReference; fileEncoding = 4; lastKnownFileType = sourcecode.c.objc; path = SP_TopicViewModel.m; sourceTree = "<group>"; };
		84B8D43B1E61A91B00C1BDD8 /* SP_PictureView.h */ = {isa = PBXFileReference; fileEncoding = 4; lastKnownFileType = sourcecode.c.h; path = SP_PictureView.h; sourceTree = "<group>"; };
		84B8D43C1E61A91B00C1BDD8 /* SP_PictureView.m */ = {isa = PBXFileReference; fileEncoding = 4; lastKnownFileType = sourcecode.c.objc; path = SP_PictureView.m; sourceTree = "<group>"; };
		84B8D43E1E61A92A00C1BDD8 /* SP_PictureView.xib */ = {isa = PBXFileReference; fileEncoding = 4; lastKnownFileType = file.xib; path = SP_PictureView.xib; sourceTree = "<group>"; };
		84B8D4431E61BC4300C1BDD8 /* SP_BaseView.h */ = {isa = PBXFileReference; fileEncoding = 4; lastKnownFileType = sourcecode.c.h; path = SP_BaseView.h; sourceTree = "<group>"; };
		84B8D4441E61BC4300C1BDD8 /* SP_BaseView.m */ = {isa = PBXFileReference; fileEncoding = 4; lastKnownFileType = sourcecode.c.objc; path = SP_BaseView.m; sourceTree = "<group>"; };
		84B8D4491E61C2BE00C1BDD8 /* NSString+SP_String.h */ = {isa = PBXFileReference; fileEncoding = 4; lastKnownFileType = sourcecode.c.h; path = "NSString+SP_String.h"; sourceTree = "<group>"; };
		84B8D44A1E61C2BE00C1BDD8 /* NSString+SP_String.m */ = {isa = PBXFileReference; fileEncoding = 4; lastKnownFileType = sourcecode.c.objc; path = "NSString+SP_String.m"; sourceTree = "<group>"; };
		84C5CA961E767BA50014C340 /* SP_PhotoManager.h */ = {isa = PBXFileReference; fileEncoding = 4; lastKnownFileType = sourcecode.c.h; path = SP_PhotoManager.h; sourceTree = "<group>"; };
		84C5CA971E767BA50014C340 /* SP_PhotoManager.m */ = {isa = PBXFileReference; fileEncoding = 4; lastKnownFileType = sourcecode.c.objc; path = SP_PhotoManager.m; sourceTree = "<group>"; };
		84F76BB91E5B57440062D869 /* AFHTTPSessionManager+SP_Manager.h */ = {isa = PBXFileReference; fileEncoding = 4; lastKnownFileType = sourcecode.c.h; path = "AFHTTPSessionManager+SP_Manager.h"; sourceTree = "<group>"; };
		84F76BBA1E5B57440062D869 /* AFHTTPSessionManager+SP_Manager.m */ = {isa = PBXFileReference; fileEncoding = 4; lastKnownFileType = sourcecode.c.objc; path = "AFHTTPSessionManager+SP_Manager.m"; sourceTree = "<group>"; };
		84F76BBB1E5B57440062D869 /* SP_FileManager.h */ = {isa = PBXFileReference; fileEncoding = 4; lastKnownFileType = sourcecode.c.h; path = SP_FileManager.h; sourceTree = "<group>"; };
		84F76BBC1E5B57440062D869 /* SP_FileManager.m */ = {isa = PBXFileReference; fileEncoding = 4; lastKnownFileType = sourcecode.c.objc; path = SP_FileManager.m; sourceTree = "<group>"; };
		84F76BC01E5B579A0062D869 /* SPBaseViewController.h */ = {isa = PBXFileReference; fileEncoding = 4; lastKnownFileType = sourcecode.c.h; path = SPBaseViewController.h; sourceTree = "<group>"; };
		84F76BC11E5B579A0062D869 /* SPBaseViewController.m */ = {isa = PBXFileReference; fileEncoding = 4; lastKnownFileType = sourcecode.c.objc; path = SPBaseViewController.m; sourceTree = "<group>"; };
		913E29F6C380E0E740E377BC /* libPods-百思不得姐.a */ = {isa = PBXFileReference; explicitFileType = archive.ar; includeInIndex = 0; path = "libPods-百思不得姐.a"; sourceTree = BUILT_PRODUCTS_DIR; };
		F1A148A0F1EF281A9B9DD38F /* Pods-百思不得姐.debug.xcconfig */ = {isa = PBXFileReference; includeInIndex = 1; lastKnownFileType = text.xcconfig; name = "Pods-百思不得姐.debug.xcconfig"; path = "Pods/Target Support Files/Pods-百思不得姐/Pods-百思不得姐.debug.xcconfig"; sourceTree = "<group>"; };
/* End PBXFileReference section */

/* Begin PBXFrameworksBuildPhase section */
		84AF2AB51E276CBE002C4E0D /* Frameworks */ = {
			isa = PBXFrameworksBuildPhase;
			buildActionMask = 2147483647;
			files = (
				32080A815F84F499DE68F0BF /* libPods-百思不得姐.a in Frameworks */,
			);
			runOnlyForDeploymentPostprocessing = 0;
		};
/* End PBXFrameworksBuildPhase section */

/* Begin PBXGroup section */
		1A44E96E3A9BC74624089813 /* Frameworks */ = {
			isa = PBXGroup;
			children = (
				913E29F6C380E0E740E377BC /* libPods-百思不得姐.a */,
			);
			name = Frameworks;
			sourceTree = "<group>";
		};
		22B0A1CD20A22E7C9FD695AE /* Pods */ = {
			isa = PBXGroup;
			children = (
				F1A148A0F1EF281A9B9DD38F /* Pods-百思不得姐.debug.xcconfig */,
				62462BA872B102522BE4985B /* Pods-百思不得姐.release.xcconfig */,
			);
			name = Pods;
			sourceTree = "<group>";
		};
		8478B1541E2E1D1E00015297 /* 启动图片 */ = {
			isa = PBXGroup;
			children = (
				8478B1551E2E1D1E00015297 /* LaunchImage-568h@2x.png */,
				8478B1561E2E1D1E00015297 /* LaunchImage-700-568h@2x.png */,
				8478B1571E2E1D1E00015297 /* LaunchImage-700@2x.png */,
				8478B1581E2E1D1E00015297 /* LaunchImage-800-667h@2x.png */,
				8478B1591E2E1D1E00015297 /* LaunchImage-800-Portrait-736h@3x.png */,
				8478B15A1E2E1D1E00015297 /* LaunchImage.png */,
				8478B15B1E2E1D1E00015297 /* LaunchImage@2x.png */,
			);
			path = "启动图片";
			sourceTree = "<group>";
		};
		84AF2AAF1E276CBE002C4E0D = {
			isa = PBXGroup;
			children = (
				84AF2ABA1E276CBE002C4E0D /* 百思不得姐 */,
				84AF2AB91E276CBE002C4E0D /* Products */,
				22B0A1CD20A22E7C9FD695AE /* Pods */,
				1A44E96E3A9BC74624089813 /* Frameworks */,
			);
			sourceTree = "<group>";
		};
		84AF2AB91E276CBE002C4E0D /* Products */ = {
			isa = PBXGroup;
			children = (
				84AF2AB81E276CBE002C4E0D /* 百思不得姐.app */,
			);
			name = Products;
			sourceTree = "<group>";
		};
		84AF2ABA1E276CBE002C4E0D /* 百思不得姐 */ = {
			isa = PBXGroup;
			children = (
				84AF2ABE1E276CBE002C4E0D /* AppDelegate.h */,
				84AF2ABF1E276CBE002C4E0D /* AppDelegate.m */,
				84AF2AD31E276E1C002C4E0D /* Classes */,
				84AF2AD21E276DF5002C4E0D /* Resource */,
				84AF2ABB1E276CBE002C4E0D /* Supporting Files */,
			);
			path = "百思不得姐";
			sourceTree = "<group>";
		};
		84AF2ABB1E276CBE002C4E0D /* Supporting Files */ = {
			isa = PBXGroup;
			children = (
				84AF2ABC1E276CBE002C4E0D /* main.m */,
			);
			name = "Supporting Files";
			sourceTree = "<group>";
		};
		84AF2AD21E276DF5002C4E0D /* Resource */ = {
			isa = PBXGroup;
			children = (
				849372091E320C6900548181 /* liumenli.png */,
				8478B1541E2E1D1E00015297 /* 启动图片 */,
				84AF2AC71E276CBE002C4E0D /* Assets.xcassets */,
				84AF2AC91E276CBE002C4E0D /* LaunchScreen.storyboard */,
				84AF2ACC1E276CBE002C4E0D /* Info.plist */,
			);
			name = Resource;
			sourceTree = "<group>";
		};
		84AF2AD31E276E1C002C4E0D /* Classes */ = {
			isa = PBXGroup;
			children = (
				84AF2AD41E276E1C002C4E0D /* AD */,
				84AF2AE81E276E1C002C4E0D /* Main */,
				84AF2AD81E276E1C002C4E0D /* Base */,
				84AF2ADC1E276E1C002C4E0D /* Essence */,
				84AF2AF81E276E1C002C4E0D /* New */,
				84AF2B0D1E276E1C002C4E0D /* Publish */,
				84AF2AE21E276E1C002C4E0D /* FriendTrend */,
				84AF2AF21E276E1C002C4E0D /* Mine */,
				84AF2B131E276E1C002C4E0D /* Setting */,
				84AF2AFE1E276E1C002C4E0D /* Others */,
			);
			path = Classes;
			sourceTree = "<group>";
		};
		84AF2AD41E276E1C002C4E0D /* AD */ = {
			isa = PBXGroup;
			children = (
				84AF2AD51E276E1C002C4E0D /* Controller */,
				84AF2AD61E276E1C002C4E0D /* Model */,
				84AF2AD71E276E1C002C4E0D /* View */,
			);
			path = AD;
			sourceTree = "<group>";
		};
		84AF2AD51E276E1C002C4E0D /* Controller */ = {
			isa = PBXGroup;
			children = (
				8478B14F1E2E19A600015297 /* SPADViewController.h */,
				8478B1501E2E19A600015297 /* SPADViewController.m */,
				8478B1511E2E19A600015297 /* SPADViewController.xib */,
			);
			path = Controller;
			sourceTree = "<group>";
		};
		84AF2AD61E276E1C002C4E0D /* Model */ = {
			isa = PBXGroup;
			children = (
				8478B1631E2E28A500015297 /* SP_ADModel.h */,
				8478B1641E2E28A500015297 /* SP_ADModel.m */,
			);
			path = Model;
			sourceTree = "<group>";
		};
		84AF2AD71E276E1C002C4E0D /* View */ = {
			isa = PBXGroup;
			children = (
			);
			path = View;
			sourceTree = "<group>";
		};
		84AF2AD81E276E1C002C4E0D /* Base */ = {
			isa = PBXGroup;
			children = (
				84AF2AD91E276E1C002C4E0D /* Controller */,
				84AF2ADA1E276E1C002C4E0D /* Model */,
				84AF2ADB1E276E1C002C4E0D /* View */,
			);
			path = Base;
			sourceTree = "<group>";
		};
		84AF2AD91E276E1C002C4E0D /* Controller */ = {
			isa = PBXGroup;
			children = (
				84F76BC01E5B579A0062D869 /* SPBaseViewController.h */,
				84F76BC11E5B579A0062D869 /* SPBaseViewController.m */,
			);
			path = Controller;
			sourceTree = "<group>";
		};
		84AF2ADA1E276E1C002C4E0D /* Model */ = {
			isa = PBXGroup;
			children = (
			);
			path = Model;
			sourceTree = "<group>";
		};
		84AF2ADB1E276E1C002C4E0D /* View */ = {
			isa = PBXGroup;
			children = (
				84B8D4431E61BC4300C1BDD8 /* SP_BaseView.h */,
				84B8D4441E61BC4300C1BDD8 /* SP_BaseView.m */,
			);
			path = View;
			sourceTree = "<group>";
		};
		84AF2ADC1E276E1C002C4E0D /* Essence */ = {
			isa = PBXGroup;
			children = (
				84AF2ADD1E276E1C002C4E0D /* Controller */,
				84AF2AE01E276E1C002C4E0D /* Model */,
				84AF2AE11E276E1C002C4E0D /* View */,
			);
			path = Essence;
			sourceTree = "<group>";
		};
		84AF2ADD1E276E1C002C4E0D /* Controller */ = {
			isa = PBXGroup;
			children = (
				84AF2ADE1E276E1C002C4E0D /* SPEssenceViewController.h */,
				84AF2ADF1E276E1C002C4E0D /* SPEssenceViewController.m */,
				846FF6101E50C44400AAF730 /* SPAllViewController.h */,
				846FF6111E50C44400AAF730 /* SPAllViewController.m */,
				846FF6131E50C47E00AAF730 /* SPVideoViewController.h */,
				846FF6141E50C47E00AAF730 /* SPVideoViewController.m */,
				846FF6161E50C49900AAF730 /* SPPictureViewController.h */,
				846FF6171E50C49900AAF730 /* SPPictureViewController.m */,
				846FF6191E50C4A700AAF730 /* SPTextViewController.h */,
				846FF61A1E50C4A700AAF730 /* SPTextViewController.m */,
				846FF61C1E50C4B600AAF730 /* SPVoiceViewController.h */,
				846FF61D1E50C4B600AAF730 /* SPVoiceViewController.m */,
				840681891E6B0D8A0005E1F5 /* SPBigPictureViewController.h */,
				8406818A1E6B0D8A0005E1F5 /* SPBigPictureViewController.m */,
				8406818B1E6B0D8A0005E1F5 /* SPBigPictureViewController.xib */,
			);
			path = Controller;
			sourceTree = "<group>";
		};
		84AF2AE01E276E1C002C4E0D /* Model */ = {
			isa = PBXGroup;
			children = (
				84B8D4381E61913F00C1BDD8 /* SP_TopicViewModel.h */,
				84B8D4391E61913F00C1BDD8 /* SP_TopicViewModel.m */,
				8403A67F1E5CAEB600035605 /* SP_TopicModel.h */,
				8403A6801E5CAEB600035605 /* SP_TopicModel.m */,
				840681751E6AAE160005E1F5 /* SP_CommitModel.h */,
				840681761E6AAE160005E1F5 /* SP_CommitModel.m */,
				840681781E6AAE770005E1F5 /* SP_UserModel.h */,
				840681791E6AAE770005E1F5 /* SP_UserModel.m */,
			);
			path = Model;
			sourceTree = "<group>";
		};
		84AF2AE11E276E1C002C4E0D /* View */ = {
			isa = PBXGroup;
			children = (
				8403A6771E5CA9F000035605 /* SP_TopicCell.h */,
				8403A6781E5CA9F000035605 /* SP_TopicCell.m */,
				8403A67A1E5CAD7800035605 /* SP_TopView.h */,
				8403A67B1E5CAD7800035605 /* SP_TopView.m */,
				8403A6821E5CBCBC00035605 /* SP_TopView.xib */,
				84B8D43B1E61A91B00C1BDD8 /* SP_PictureView.h */,
				84B8D43C1E61A91B00C1BDD8 /* SP_PictureView.m */,
				84B8D43E1E61A92A00C1BDD8 /* SP_PictureView.xib */,
				8406818E1E6B13B30005E1F5 /* SP_BigPictureView.h */,
				8406818F1E6B13B30005E1F5 /* SP_BigPictureView.m */,
				847417661E69DE6C008123A4 /* SP_VideoView.h */,
				847417671E69DE6C008123A4 /* SP_VideoView.m */,
				847417691E69DE7A008123A4 /* SP_VideoView.xib */,
				84847AB91E69EF7500D34022 /* SP_VoiceView.h */,
				84847ABA1E69EF7500D34022 /* SP_VoiceView.m */,
				84847ABC1E69EF8100D34022 /* SP_VoiceView.xib */,
				8406816B1E6A9D420005E1F5 /* SP_BottomView.h */,
				8406816C1E6A9D420005E1F5 /* SP_BottomView.m */,
				8406816E1E6A9D500005E1F5 /* SP_BottomView.xib */,
				840681701E6AA0C30005E1F5 /* SP_CommitView.h */,
				840681711E6AA0C30005E1F5 /* SP_CommitView.m */,
				840681731E6AA0D40005E1F5 /* SP_CommitView.xib */,
			);
			path = View;
			sourceTree = "<group>";
		};
		84AF2AE21E276E1C002C4E0D /* FriendTrend */ = {
			isa = PBXGroup;
			children = (
				84AF2AE31E276E1C002C4E0D /* Controller */,
				84AF2AE61E276E1C002C4E0D /* Model */,
				84AF2AE71E276E1C002C4E0D /* View */,
			);
			path = FriendTrend;
			sourceTree = "<group>";
		};
		84AF2AE31E276E1C002C4E0D /* Controller */ = {
			isa = PBXGroup;
			children = (
				84AF2AE41E276E1C002C4E0D /* SPFriendTrendViewController.h */,
				84AF2AE51E276E1C002C4E0D /* SPFriendTrendViewController.m */,
				849372071E320AF600548181 /* SPFriendTrendViewController.xib */,
				849371EF1E3095AC00548181 /* SPSubTagViewController.h */,
				849371F01E3095AC00548181 /* SPSubTagViewController.m */,
			);
			path = Controller;
			sourceTree = "<group>";
		};
		84AF2AE61E276E1C002C4E0D /* Model */ = {
			isa = PBXGroup;
			children = (
				849371F21E30963300548181 /* SP_SubTagModel.h */,
				849371F31E30963300548181 /* SP_SubTagModel.m */,
			);
			path = Model;
			sourceTree = "<group>";
		};
		84AF2AE71E276E1C002C4E0D /* View */ = {
			isa = PBXGroup;
			children = (
				849371F51E30966700548181 /* SP_SubTagCell.h */,
				849371F61E30966700548181 /* SP_SubTagCell.m */,
				849371F71E30966700548181 /* SP_SubTagCell.xib */,
			);
			path = View;
			sourceTree = "<group>";
		};
		84AF2AE81E276E1C002C4E0D /* Main */ = {
			isa = PBXGroup;
			children = (
				84AF2AE91E276E1C002C4E0D /* Controller */,
				84AF2AEE1E276E1C002C4E0D /* Model */,
				84AF2AEF1E276E1C002C4E0D /* View */,
			);
			path = Main;
			sourceTree = "<group>";
		};
		84AF2AE91E276E1C002C4E0D /* Controller */ = {
			isa = PBXGroup;
			children = (
				84AF2AEC1E276E1C002C4E0D /* SPTabBarController.h */,
				84AF2AED1E276E1C002C4E0D /* SPTabBarController.m */,
				84AF2AEA1E276E1C002C4E0D /* SPNavigationController.h */,
				84AF2AEB1E276E1C002C4E0D /* SPNavigationController.m */,
			);
			path = Controller;
			sourceTree = "<group>";
		};
		84AF2AEE1E276E1C002C4E0D /* Model */ = {
			isa = PBXGroup;
			children = (
			);
			path = Model;
			sourceTree = "<group>";
		};
		84AF2AEF1E276E1C002C4E0D /* View */ = {
			isa = PBXGroup;
			children = (
				84AF2AF01E276E1C002C4E0D /* SP_TabBar.h */,
				84AF2AF11E276E1C002C4E0D /* SP_TabBar.m */,
			);
			path = View;
			sourceTree = "<group>";
		};
		84AF2AF21E276E1C002C4E0D /* Mine */ = {
			isa = PBXGroup;
			children = (
				84AF2AF31E276E1C002C4E0D /* Controller */,
				84AF2AF61E276E1C002C4E0D /* Model */,
				84AF2AF71E276E1C002C4E0D /* View */,
			);
			path = Mine;
			sourceTree = "<group>";
		};
		84AF2AF31E276E1C002C4E0D /* Controller */ = {
			isa = PBXGroup;
			children = (
				84AF2AF41E276E1C002C4E0D /* SPMineViewController.h */,
				84AF2AF51E276E1C002C4E0D /* SPMineViewController.m */,
				847058A91E46F1ED006F260B /* SPMineViewController.storyboard */,
				849E85761E471C2D00F60C81 /* SPWebkitViewController.h */,
				849E85771E471C2D00F60C81 /* SPWebkitViewController.m */,
				849E85781E471C2D00F60C81 /* SPWebkitViewController.xib */,
			);
			path = Controller;
			sourceTree = "<group>";
		};
		84AF2AF61E276E1C002C4E0D /* Model */ = {
			isa = PBXGroup;
			children = (
				849E856E1E46F6E100F60C81 /* SP_SquareModel.h */,
				849E856F1E46F6E100F60C81 /* SP_SquareModel.m */,
			);
			path = Model;
			sourceTree = "<group>";
		};
		84AF2AF71E276E1C002C4E0D /* View */ = {
			isa = PBXGroup;
			children = (
				849E85711E46F93C00F60C81 /* SP_CollectionViewCell.h */,
				849E85721E46F93C00F60C81 /* SP_CollectionViewCell.m */,
				849E85731E46F93C00F60C81 /* SP_CollectionViewCell.xib */,
			);
			path = View;
			sourceTree = "<group>";
		};
		84AF2AF81E276E1C002C4E0D /* New */ = {
			isa = PBXGroup;
			children = (
				84AF2AF91E276E1C002C4E0D /* Controller */,
				84AF2AFC1E276E1C002C4E0D /* Model */,
				84AF2AFD1E276E1C002C4E0D /* View */,
			);
			path = New;
			sourceTree = "<group>";
		};
		84AF2AF91E276E1C002C4E0D /* Controller */ = {
			isa = PBXGroup;
			children = (
				84AF2AFA1E276E1C002C4E0D /* SPNewViewController.h */,
				84AF2AFB1E276E1C002C4E0D /* SPNewViewController.m */,
				84754B951E463C9F00AAC437 /* SPLoginRegisterViewController.h */,
				84754B961E463C9F00AAC437 /* SPLoginRegisterViewController.m */,
				84754B981E463CEC00AAC437 /* SPLoginRegisterViewController.xib */,
			);
			path = Controller;
			sourceTree = "<group>";
		};
		84AF2AFC1E276E1C002C4E0D /* Model */ = {
			isa = PBXGroup;
			children = (
			);
			path = Model;
			sourceTree = "<group>";
		};
		84AF2AFD1E276E1C002C4E0D /* View */ = {
			isa = PBXGroup;
			children = (
				84754B9A1E46420600AAC437 /* SP_LoginRegisterView.h */,
				84754B9B1E46420600AAC437 /* SP_LoginRegisterView.m */,
				84754B9D1E46422A00AAC437 /* SP_LoginRegisterView.xib */,
				84754B9F1E464AB300AAC437 /* SP_FastLoginView.h */,
				84754BA01E464AB300AAC437 /* SP_FastLoginView.m */,
				84754BA21E464ABE00AAC437 /* SP_FastLoginView.xib */,
				84754BA41E464BDD00AAC437 /* SP_FastLoginButton.h */,
				84754BA51E464BDD00AAC437 /* SP_FastLoginButton.m */,
				84754BA71E464DC600AAC437 /* SP_TextField.h */,
				84754BA81E464DC600AAC437 /* SP_TextField.m */,
			);
			path = View;
			sourceTree = "<group>";
		};
		84AF2AFE1E276E1C002C4E0D /* Others */ = {
			isa = PBXGroup;
			children = (
				84AF2AFF1E276E1C002C4E0D /* BSBDJ.pch */,
				84F76BB81E5B57440062D869 /* Service */,
				84AF2B001E276E1C002C4E0D /* Category */,
				84F76BBF1E5B57600062D869 /* Lib */,
			);
			path = Others;
			sourceTree = "<group>";
		};
		84AF2B001E276E1C002C4E0D /* Category */ = {
			isa = PBXGroup;
			children = (
				84AF2B031E276E1C002C4E0D /* UIBarButtonItem+SP_BarbuttonItem.h */,
				84AF2B041E276E1C002C4E0D /* UIBarButtonItem+SP_BarbuttonItem.m */,
				84AF2B051E276E1C002C4E0D /* UIColor+SP_Color.h */,
				84AF2B061E276E1C002C4E0D /* UIColor+SP_Color.m */,
				84AF2B071E276E1C002C4E0D /* UIImage+SP_Image.h */,
				84AF2B081E276E1C002C4E0D /* UIImage+SP_Image.m */,
				84AF2B091E276E1C002C4E0D /* UITextField+SP_textField.h */,
				84AF2B0A1E276E1C002C4E0D /* UITextField+SP_textField.m */,
				84AF2B0B1E276E1C002C4E0D /* UIView+SP_Frame.h */,
				84AF2B0C1E276E1C002C4E0D /* UIView+SP_Frame.m */,
				84B8D4491E61C2BE00C1BDD8 /* NSString+SP_String.h */,
				84B8D44A1E61C2BE00C1BDD8 /* NSString+SP_String.m */,
				8406817E1E6AED120005E1F5 /* NSDate+SP_Date.h */,
				8406817F1E6AED120005E1F5 /* NSDate+SP_Date.m */,
			);
			path = Category;
			sourceTree = "<group>";
		};
		84AF2B0D1E276E1C002C4E0D /* Publish */ = {
			isa = PBXGroup;
			children = (
				84AF2B0E1E276E1C002C4E0D /* Controller */,
				84AF2B111E276E1C002C4E0D /* Model */,
				84AF2B121E276E1C002C4E0D /* View */,
			);
			path = Publish;
			sourceTree = "<group>";
		};
		84AF2B0E1E276E1C002C4E0D /* Controller */ = {
			isa = PBXGroup;
			children = (
				84AF2B0F1E276E1C002C4E0D /* SPPublishViewController.h */,
				84AF2B101E276E1C002C4E0D /* SPPublishViewController.m */,
			);
			path = Controller;
			sourceTree = "<group>";
		};
		84AF2B111E276E1C002C4E0D /* Model */ = {
			isa = PBXGroup;
			children = (
			);
			path = Model;
			sourceTree = "<group>";
		};
		84AF2B121E276E1C002C4E0D /* View */ = {
			isa = PBXGroup;
			children = (
			);
			path = View;
			sourceTree = "<group>";
		};
		84AF2B131E276E1C002C4E0D /* Setting */ = {
			isa = PBXGroup;
			children = (
				84AF2B141E276E1C002C4E0D /* Controller */,
				84AF2B171E276E1C002C4E0D /* Model */,
				84AF2B181E276E1C002C4E0D /* View */,
			);
			path = Setting;
			sourceTree = "<group>";
		};
		84AF2B141E276E1C002C4E0D /* Controller */ = {
			isa = PBXGroup;
			children = (
				84AF2B151E276E1C002C4E0D /* SPSettingViewController.h */,
				84AF2B161E276E1C002C4E0D /* SPSettingViewController.m */,
			);
			path = Controller;
			sourceTree = "<group>";
		};
		84AF2B171E276E1C002C4E0D /* Model */ = {
			isa = PBXGroup;
			children = (
			);
			path = Model;
			sourceTree = "<group>";
		};
		84AF2B181E276E1C002C4E0D /* View */ = {
			isa = PBXGroup;
			children = (
			);
			path = View;
			sourceTree = "<group>";
		};
		84F76BB81E5B57440062D869 /* Service */ = {
			isa = PBXGroup;
			children = (
				84F76BB91E5B57440062D869 /* AFHTTPSessionManager+SP_Manager.h */,
				84F76BBA1E5B57440062D869 /* AFHTTPSessionManager+SP_Manager.m */,
				84F76BBB1E5B57440062D869 /* SP_FileManager.h */,
				84F76BBC1E5B57440062D869 /* SP_FileManager.m */,
				84C5CA961E767BA50014C340 /* SP_PhotoManager.h */,
				84C5CA971E767BA50014C340 /* SP_PhotoManager.m */,
			);
			path = Service;
			sourceTree = "<group>";
		};
		84F76BBF1E5B57600062D869 /* Lib */ = {
			isa = PBXGroup;
			children = (
			);
			path = Lib;
			sourceTree = "<group>";
		};
/* End PBXGroup section */

/* Begin PBXNativeTarget section */
		84AF2AB71E276CBE002C4E0D /* 百思不得姐 */ = {
			isa = PBXNativeTarget;
			buildConfigurationList = 84AF2ACF1E276CBE002C4E0D /* Build configuration list for PBXNativeTarget "百思不得姐" */;
			buildPhases = (
				B74E86E09C2312D5E4EE7A14 /* [CP] Check Pods Manifest.lock */,
				84AF2AB41E276CBE002C4E0D /* Sources */,
				84AF2AB51E276CBE002C4E0D /* Frameworks */,
				84AF2AB61E276CBE002C4E0D /* Resources */,
				D77635ABB2CC0A98C6743454 /* [CP] Embed Pods Frameworks */,
				DD800EFC31A95D65A69D1C36 /* [CP] Copy Pods Resources */,
			);
			buildRules = (
			);
			dependencies = (
			);
			name = "百思不得姐";
			productName = "百思不得姐";
			productReference = 84AF2AB81E276CBE002C4E0D /* 百思不得姐.app */;
			productType = "com.apple.product-type.application";
		};
/* End PBXNativeTarget section */

/* Begin PBXProject section */
		84AF2AB01E276CBE002C4E0D /* Project object */ = {
			isa = PBXProject;
			attributes = {
				CLASSPREFIX = SP;
				LastUpgradeCheck = 0820;
				ORGANIZATIONNAME = "tianfeng pan";
				TargetAttributes = {
					84AF2AB71E276CBE002C4E0D = {
						CreatedOnToolsVersion = 8.2.1;
						ProvisioningStyle = Automatic;
					};
				};
			};
			buildConfigurationList = 84AF2AB31E276CBE002C4E0D /* Build configuration list for PBXProject "百思不得姐" */;
			compatibilityVersion = "Xcode 3.2";
			developmentRegion = English;
			hasScannedForEncodings = 0;
			knownRegions = (
				en,
				Base,
			);
			mainGroup = 84AF2AAF1E276CBE002C4E0D;
			productRefGroup = 84AF2AB91E276CBE002C4E0D /* Products */;
			projectDirPath = "";
			projectRoot = "";
			targets = (
				84AF2AB71E276CBE002C4E0D /* 百思不得姐 */,
			);
		};
/* End PBXProject section */

/* Begin PBXResourcesBuildPhase section */
		84AF2AB61E276CBE002C4E0D /* Resources */ = {
			isa = PBXResourcesBuildPhase;
			buildActionMask = 2147483647;
			files = (
				84B8D43F1E61A92A00C1BDD8 /* SP_PictureView.xib in Resources */,
				8474176A1E69DE7A008123A4 /* SP_VideoView.xib in Resources */,
				8478B1531E2E19A600015297 /* SPADViewController.xib in Resources */,
				8478B15D1E2E1D1E00015297 /* LaunchImage-700-568h@2x.png in Resources */,
				8406816F1E6A9D500005E1F5 /* SP_BottomView.xib in Resources */,
				84847ABD1E69EF8100D34022 /* SP_VoiceView.xib in Resources */,
				8478B1611E2E1D1E00015297 /* LaunchImage.png in Resources */,
				847058AA1E46F1ED006F260B /* SPMineViewController.storyboard in Resources */,
				84754B9E1E46422A00AAC437 /* SP_LoginRegisterView.xib in Resources */,
				849E85751E46F93C00F60C81 /* SP_CollectionViewCell.xib in Resources */,
				84AF2ACB1E276CBE002C4E0D /* LaunchScreen.storyboard in Resources */,
				8478B15E1E2E1D1E00015297 /* LaunchImage-700@2x.png in Resources */,
				849E857A1E471C2D00F60C81 /* SPWebkitViewController.xib in Resources */,
				8478B1601E2E1D1E00015297 /* LaunchImage-800-Portrait-736h@3x.png in Resources */,
				849371F91E30966700548181 /* SP_SubTagCell.xib in Resources */,
				8493720A1E320C6900548181 /* liumenli.png in Resources */,
				84754BA31E464ABE00AAC437 /* SP_FastLoginView.xib in Resources */,
				8406818D1E6B0D8A0005E1F5 /* SPBigPictureViewController.xib in Resources */,
				849372081E320AF600548181 /* SPFriendTrendViewController.xib in Resources */,
				8478B15C1E2E1D1E00015297 /* LaunchImage-568h@2x.png in Resources */,
				840681741E6AA0D40005E1F5 /* SP_CommitView.xib in Resources */,
				8478B15F1E2E1D1E00015297 /* LaunchImage-800-667h@2x.png in Resources */,
				84AF2AC81E276CBE002C4E0D /* Assets.xcassets in Resources */,
				84754B991E463CEC00AAC437 /* SPLoginRegisterViewController.xib in Resources */,
				8478B1621E2E1D1E00015297 /* LaunchImage@2x.png in Resources */,
				8403A6831E5CBCBC00035605 /* SP_TopView.xib in Resources */,
			);
			runOnlyForDeploymentPostprocessing = 0;
		};
/* End PBXResourcesBuildPhase section */

/* Begin PBXShellScriptBuildPhase section */
		B74E86E09C2312D5E4EE7A14 /* [CP] Check Pods Manifest.lock */ = {
			isa = PBXShellScriptBuildPhase;
			buildActionMask = 2147483647;
			files = (
			);
			inputPaths = (
			);
			name = "[CP] Check Pods Manifest.lock";
			outputPaths = (
			);
			runOnlyForDeploymentPostprocessing = 0;
			shellPath = /bin/sh;
			shellScript = "diff \"${PODS_ROOT}/../Podfile.lock\" \"${PODS_ROOT}/Manifest.lock\" > /dev/null\nif [ $? != 0 ] ; then\n    # print error to STDERR\n    echo \"error: The sandbox is not in sync with the Podfile.lock. Run 'pod install' or update your CocoaPods installation.\" >&2\n    exit 1\nfi\n";
			showEnvVarsInLog = 0;
		};
		D77635ABB2CC0A98C6743454 /* [CP] Embed Pods Frameworks */ = {
			isa = PBXShellScriptBuildPhase;
			buildActionMask = 2147483647;
			files = (
			);
			inputPaths = (
			);
			name = "[CP] Embed Pods Frameworks";
			outputPaths = (
			);
			runOnlyForDeploymentPostprocessing = 0;
			shellPath = /bin/sh;
			shellScript = "\"${SRCROOT}/Pods/Target Support Files/Pods-百思不得姐/Pods-百思不得姐-frameworks.sh\"\n";
			showEnvVarsInLog = 0;
		};
		DD800EFC31A95D65A69D1C36 /* [CP] Copy Pods Resources */ = {
			isa = PBXShellScriptBuildPhase;
			buildActionMask = 2147483647;
			files = (
			);
			inputPaths = (
			);
			name = "[CP] Copy Pods Resources";
			outputPaths = (
			);
			runOnlyForDeploymentPostprocessing = 0;
			shellPath = /bin/sh;
			shellScript = "\"${SRCROOT}/Pods/Target Support Files/Pods-百思不得姐/Pods-百思不得姐-resources.sh\"\n";
			showEnvVarsInLog = 0;
		};
/* End PBXShellScriptBuildPhase section */

/* Begin PBXSourcesBuildPhase section */
		84AF2AB41E276CBE002C4E0D /* Sources */ = {
			isa = PBXSourcesBuildPhase;
			buildActionMask = 2147483647;
			files = (
				846FF6181E50C49900AAF730 /* SPPictureViewController.m in Sources */,
				849371F81E30966700548181 /* SP_SubTagCell.m in Sources */,
				84AF2B211E276E1C002C4E0D /* UIBarButtonItem+SP_BarbuttonItem.m in Sources */,
				849E85791E471C2D00F60C81 /* SPWebkitViewController.m in Sources */,
				8403A6811E5CAEB600035605 /* SP_TopicModel.m in Sources */,
				84F76BC21E5B579A0062D869 /* SPBaseViewController.m in Sources */,
				84847ABB1E69EF7500D34022 /* SP_VoiceView.m in Sources */,
				84AF2B221E276E1C002C4E0D /* UIColor+SP_Color.m in Sources */,
				847417681E69DE6C008123A4 /* SP_VideoView.m in Sources */,
				84754B9C1E46420600AAC437 /* SP_LoginRegisterView.m in Sources */,
				84B8D43D1E61A91B00C1BDD8 /* SP_PictureView.m in Sources */,
				8406818C1E6B0D8A0005E1F5 /* SPBigPictureViewController.m in Sources */,
				84754BA91E464DC600AAC437 /* SP_TextField.m in Sources */,
				849371FB1E309AF100548181 /* SPEssenceViewController.m in Sources */,
				84B8D44B1E61C2BE00C1BDD8 /* NSString+SP_String.m in Sources */,
				84AF2B1D1E276E1C002C4E0D /* SP_TabBar.m in Sources */,
				849E85741E46F93C00F60C81 /* SP_CollectionViewCell.m in Sources */,
				84AF2B251E276E1C002C4E0D /* UIView+SP_Frame.m in Sources */,
				8478B1651E2E28A500015297 /* SP_ADModel.m in Sources */,
				846FF6121E50C44400AAF730 /* SPAllViewController.m in Sources */,
				840681901E6B13B30005E1F5 /* SP_BigPictureView.m in Sources */,
				84AF2B1F1E276E1C002C4E0D /* SPNewViewController.m in Sources */,
				84754BA61E464BDD00AAC437 /* SP_FastLoginButton.m in Sources */,
				8406817A1E6AAE770005E1F5 /* SP_UserModel.m in Sources */,
				84F76BBD1E5B57440062D869 /* AFHTTPSessionManager+SP_Manager.m in Sources */,
				84AF2B231E276E1C002C4E0D /* UIImage+SP_Image.m in Sources */,
				84754BA11E464AB300AAC437 /* SP_FastLoginView.m in Sources */,
				84AF2AC01E276CBE002C4E0D /* AppDelegate.m in Sources */,
				8403A67C1E5CAD7800035605 /* SP_TopView.m in Sources */,
				8478B1521E2E19A600015297 /* SPADViewController.m in Sources */,
				84F76BBE1E5B57440062D869 /* SP_FileManager.m in Sources */,
				8406816D1E6A9D420005E1F5 /* SP_BottomView.m in Sources */,
				840681771E6AAE160005E1F5 /* SP_CommitModel.m in Sources */,
				849371F41E30963300548181 /* SP_SubTagModel.m in Sources */,
				84AF2ABD1E276CBE002C4E0D /* main.m in Sources */,
				849371F11E3095AC00548181 /* SPSubTagViewController.m in Sources */,
				840681721E6AA0C30005E1F5 /* SP_CommitView.m in Sources */,
				84C5CA981E767BA50014C340 /* SP_PhotoManager.m in Sources */,
				846FF61E1E50C4B600AAF730 /* SPVoiceViewController.m in Sources */,
				8403A6791E5CA9F000035605 /* SP_TopicCell.m in Sources */,
				84754B971E463C9F00AAC437 /* SPLoginRegisterViewController.m in Sources */,
				84AF2B271E276E1C002C4E0D /* SPSettingViewController.m in Sources */,
				84B8D4451E61BC4300C1BDD8 /* SP_BaseView.m in Sources */,
				84AF2B1E1E276E1C002C4E0D /* SPMineViewController.m in Sources */,
				84AF2B241E276E1C002C4E0D /* UITextField+SP_textField.m in Sources */,
				849E85701E46F6E100F60C81 /* SP_SquareModel.m in Sources */,
				84B8D43A1E61913F00C1BDD8 /* SP_TopicViewModel.m in Sources */,
				846FF6151E50C47E00AAF730 /* SPVideoViewController.m in Sources */,
				846FF61B1E50C4A700AAF730 /* SPTextViewController.m in Sources */,
				84AF2B1B1E276E1C002C4E0D /* SPNavigationController.m in Sources */,
				84AF2B261E276E1C002C4E0D /* SPPublishViewController.m in Sources */,
				840681801E6AED120005E1F5 /* NSDate+SP_Date.m in Sources */,
				84AF2B1C1E276E1C002C4E0D /* SPTabBarController.m in Sources */,
				84AF2B1A1E276E1C002C4E0D /* SPFriendTrendViewController.m in Sources */,
			);
			runOnlyForDeploymentPostprocessing = 0;
		};
/* End PBXSourcesBuildPhase section */

/* Begin PBXVariantGroup section */
		84AF2AC91E276CBE002C4E0D /* LaunchScreen.storyboard */ = {
			isa = PBXVariantGroup;
			children = (
				84AF2ACA1E276CBE002C4E0D /* Base */,
			);
			name = LaunchScreen.storyboard;
			sourceTree = "<group>";
		};
/* End PBXVariantGroup section */

/* Begin XCBuildConfiguration section */
		84AF2ACD1E276CBE002C4E0D /* Debug */ = {
			isa = XCBuildConfiguration;
			buildSettings = {
				ALWAYS_SEARCH_USER_PATHS = NO;
				CLANG_ANALYZER_NONNULL = YES;
				CLANG_CXX_LANGUAGE_STANDARD = "gnu++0x";
				CLANG_CXX_LIBRARY = "libc++";
				CLANG_ENABLE_MODULES = YES;
				CLANG_ENABLE_OBJC_ARC = YES;
				CLANG_WARN_BOOL_CONVERSION = YES;
				CLANG_WARN_CONSTANT_CONVERSION = YES;
				CLANG_WARN_DIRECT_OBJC_ISA_USAGE = YES_ERROR;
				CLANG_WARN_DOCUMENTATION_COMMENTS = YES;
				CLANG_WARN_EMPTY_BODY = YES;
				CLANG_WARN_ENUM_CONVERSION = YES;
				CLANG_WARN_INFINITE_RECURSION = YES;
				CLANG_WARN_INT_CONVERSION = YES;
				CLANG_WARN_OBJC_ROOT_CLASS = YES_ERROR;
				CLANG_WARN_SUSPICIOUS_MOVE = YES;
				CLANG_WARN_UNREACHABLE_CODE = YES;
				CLANG_WARN__DUPLICATE_METHOD_MATCH = YES;
				"CODE_SIGN_IDENTITY[sdk=iphoneos*]" = "iPhone Developer";
				COPY_PHASE_STRIP = NO;
				DEBUG_INFORMATION_FORMAT = dwarf;
				ENABLE_STRICT_OBJC_MSGSEND = YES;
				ENABLE_TESTABILITY = YES;
				GCC_C_LANGUAGE_STANDARD = gnu99;
				GCC_DYNAMIC_NO_PIC = NO;
				GCC_NO_COMMON_BLOCKS = YES;
				GCC_OPTIMIZATION_LEVEL = 0;
				GCC_PREPROCESSOR_DEFINITIONS = (
					"DEBUG=1",
					"$(inherited)",
				);
				GCC_WARN_64_TO_32_BIT_CONVERSION = YES;
				GCC_WARN_ABOUT_RETURN_TYPE = YES_ERROR;
				GCC_WARN_UNDECLARED_SELECTOR = YES;
				GCC_WARN_UNINITIALIZED_AUTOS = YES_AGGRESSIVE;
				GCC_WARN_UNUSED_FUNCTION = YES;
				GCC_WARN_UNUSED_VARIABLE = YES;
				IPHONEOS_DEPLOYMENT_TARGET = 9.0;
				MTL_ENABLE_DEBUG_INFO = YES;
				ONLY_ACTIVE_ARCH = YES;
				SDKROOT = iphoneos;
			};
			name = Debug;
		};
		84AF2ACE1E276CBE002C4E0D /* Release */ = {
			isa = XCBuildConfiguration;
			buildSettings = {
				ALWAYS_SEARCH_USER_PATHS = NO;
				CLANG_ANALYZER_NONNULL = YES;
				CLANG_CXX_LANGUAGE_STANDARD = "gnu++0x";
				CLANG_CXX_LIBRARY = "libc++";
				CLANG_ENABLE_MODULES = YES;
				CLANG_ENABLE_OBJC_ARC = YES;
				CLANG_WARN_BOOL_CONVERSION = YES;
				CLANG_WARN_CONSTANT_CONVERSION = YES;
				CLANG_WARN_DIRECT_OBJC_ISA_USAGE = YES_ERROR;
				CLANG_WARN_DOCUMENTATION_COMMENTS = YES;
				CLANG_WARN_EMPTY_BODY = YES;
				CLANG_WARN_ENUM_CONVERSION = YES;
				CLANG_WARN_INFINITE_RECURSION = YES;
				CLANG_WARN_INT_CONVERSION = YES;
				CLANG_WARN_OBJC_ROOT_CLASS = YES_ERROR;
				CLANG_WARN_SUSPICIOUS_MOVE = YES;
				CLANG_WARN_UNREACHABLE_CODE = YES;
				CLANG_WARN__DUPLICATE_METHOD_MATCH = YES;
				"CODE_SIGN_IDENTITY[sdk=iphoneos*]" = "iPhone Developer";
				COPY_PHASE_STRIP = NO;
				DEBUG_INFORMATION_FORMAT = "dwarf-with-dsym";
				ENABLE_NS_ASSERTIONS = NO;
				ENABLE_STRICT_OBJC_MSGSEND = YES;
				GCC_C_LANGUAGE_STANDARD = gnu99;
				GCC_NO_COMMON_BLOCKS = YES;
				GCC_WARN_64_TO_32_BIT_CONVERSION = YES;
				GCC_WARN_ABOUT_RETURN_TYPE = YES_ERROR;
				GCC_WARN_UNDECLARED_SELECTOR = YES;
				GCC_WARN_UNINITIALIZED_AUTOS = YES_AGGRESSIVE;
				GCC_WARN_UNUSED_FUNCTION = YES;
				GCC_WARN_UNUSED_VARIABLE = YES;
				IPHONEOS_DEPLOYMENT_TARGET = 9.0;
				MTL_ENABLE_DEBUG_INFO = NO;
				SDKROOT = iphoneos;
				VALIDATE_PRODUCT = YES;
			};
			name = Release;
		};
		84AF2AD01E276CBE002C4E0D /* Debug */ = {
			isa = XCBuildConfiguration;
			baseConfigurationReference = F1A148A0F1EF281A9B9DD38F /* Pods-百思不得姐.debug.xcconfig */;
			buildSettings = {
				ASSETCATALOG_COMPILER_APPICON_NAME = AppIcon;
				ASSETCATALOG_COMPILER_LAUNCHIMAGE_NAME = LaunchImage;
				"CODE_SIGN_IDENTITY[sdk=iphoneos*]" = "iPhone Developer";
				DEVELOPMENT_TEAM = "";
				GCC_PREFIX_HEADER = "百思不得姐/Classes/Others/BSBDJ.pch";
				INFOPLIST_FILE = "百思不得姐/Info.plist";
				LD_RUNPATH_SEARCH_PATHS = "$(inherited) @executable_path/Frameworks";
				PRODUCT_BUNDLE_IDENTIFIER = "com.ptf.www.ptf.-----";
				PRODUCT_NAME = "$(TARGET_NAME)";
			};
			name = Debug;
		};
		84AF2AD11E276CBE002C4E0D /* Release */ = {
			isa = XCBuildConfiguration;
			baseConfigurationReference = 62462BA872B102522BE4985B /* Pods-百思不得姐.release.xcconfig */;
			buildSettings = {
				ASSETCATALOG_COMPILER_APPICON_NAME = AppIcon;
				ASSETCATALOG_COMPILER_LAUNCHIMAGE_NAME = LaunchImage;
				"CODE_SIGN_IDENTITY[sdk=iphoneos*]" = "iPhone Developer";
				DEVELOPMENT_TEAM = "";
				GCC_PREFIX_HEADER = "百思不得姐/Classes/Others/BSBDJ.pch";
				INFOPLIST_FILE = "百思不得姐/Info.plist";
				LD_RUNPATH_SEARCH_PATHS = "$(inherited) @executable_path/Frameworks";
				PRODUCT_BUNDLE_IDENTIFIER = "com.ptf.www.ptf.-----";
				PRODUCT_NAME = "$(TARGET_NAME)";
			};
			name = Release;
		};
/* End XCBuildConfiguration section */

/* Begin XCConfigurationList section */
		84AF2AB31E276CBE002C4E0D /* Build configuration list for PBXProject "百思不得姐" */ = {
			isa = XCConfigurationList;
			buildConfigurations = (
				84AF2ACD1E276CBE002C4E0D /* Debug */,
				84AF2ACE1E276CBE002C4E0D /* Release */,
			);
			defaultConfigurationIsVisible = 0;
			defaultConfigurationName = Release;
		};
		84AF2ACF1E276CBE002C4E0D /* Build configuration list for PBXNativeTarget "百思不得姐" */ = {
			isa = XCConfigurationList;
			buildConfigurations = (
				84AF2AD01E276CBE002C4E0D /* Debug */,
				84AF2AD11E276CBE002C4E0D /* Release */,
			);
			defaultConfigurationIsVisible = 0;
			defaultConfigurationName = Release;
		};
/* End XCConfigurationList section */
	};
	rootObject = 84AF2AB01E276CBE002C4E0D /* Project object */;
}
