// !$*UTF8*$!
{
	archiveVersion = 1;
	classes = {
	};
	objectVersion = 46;
	objects = {

/* Begin PBXBuildFile section */
		E46EECFC1DE3151100E70EC7 /* main.m in Sources */ = {isa = PBXBuildFile; fileRef = E46EECFB1DE3151100E70EC7 /* main.m */; };
		E46EECFF1DE3151100E70EC7 /* AppDelegate.m in Sources */ = {isa = PBXBuildFile; fileRef = E46EECFE1DE3151100E70EC7 /* AppDelegate.m */; };
		E46EED021DE3151100E70EC7 /* ViewController.m in Sources */ = {isa = PBXBuildFile; fileRef = E46EED011DE3151100E70EC7 /* ViewController.m */; };
		E46EED051DE3151100E70EC7 /* Main.storyboard in Resources */ = {isa = PBXBuildFile; fileRef = E46EED031DE3151100E70EC7 /* Main.storyboard */; };
		E46EED071DE3151100E70EC7 /* Assets.xcassets in Resources */ = {isa = PBXBuildFile; fileRef = E46EED061DE3151100E70EC7 /* Assets.xcassets */; };
		E46EED0A1DE3151100E70EC7 /* LaunchScreen.storyboard in Resources */ = {isa = PBXBuildFile; fileRef = E46EED081DE3151100E70EC7 /* LaunchScreen.storyboard */; };
/* End PBXBuildFile section */

/* Begin PBXFileReference section */
		E46EECF71DE3151100E70EC7 /* 百思不得姐.app */ = {isa = PBXFileReference; explicitFileType = wrapper.application; includeInIndex = 0; path = "百思不得姐.app"; sourceTree = BUILT_PRODUCTS_DIR; };
		E46EECFB1DE3151100E70EC7 /* main.m */ = {isa = PBXFileReference; lastKnownFileType = sourcecode.c.objc; path = main.m; sourceTree = "<group>"; };
		E46EECFD1DE3151100E70EC7 /* AppDelegate.h */ = {isa = PBXFileReference; lastKnownFileType = sourcecode.c.h; path = AppDelegate.h; sourceTree = "<group>"; };
		E46EECFE1DE3151100E70EC7 /* AppDelegate.m */ = {isa = PBXFileReference; lastKnownFileType = sourcecode.c.objc; path = AppDelegate.m; sourceTree = "<group>"; };
		E46EED001DE3151100E70EC7 /* ViewController.h */ = {isa = PBXFileReference; lastKnownFileType = sourcecode.c.h; path = ViewController.h; sourceTree = "<group>"; };
		E46EED011DE3151100E70EC7 /* ViewController.m */ = {isa = PBXFileReference; lastKnownFileType = sourcecode.c.objc; path = ViewController.m; sourceTree = "<group>"; };
		E46EED041DE3151100E70EC7 /* Base */ = {isa = PBXFileReference; lastKnownFileType = file.storyboard; name = Base; path = Base.lproj/Main.storyboard; sourceTree = "<group>"; };
		E46EED061DE3151100E70EC7 /* Assets.xcassets */ = {isa = PBXFileReference; lastKnownFileType = folder.assetcatalog; path = Assets.xcassets; sourceTree = "<group>"; };
		E46EED091DE3151100E70EC7 /* Base */ = {isa = PBXFileReference; lastKnownFileType = file.storyboard; name = Base; path = Base.lproj/LaunchScreen.storyboard; sourceTree = "<group>"; };
		E46EED0B1DE3151100E70EC7 /* Info.plist */ = {isa = PBXFileReference; lastKnownFileType = text.plist.xml; path = Info.plist; sourceTree = "<group>"; };
/* End PBXFileReference section */

/* Begin PBXFrameworksBuildPhase section */
		E46EECF41DE3151100E70EC7 /* Frameworks */ = {
			isa = PBXFrameworksBuildPhase;
			buildActionMask = 2147483647;
			files = (
			);
			runOnlyForDeploymentPostprocessing = 0;
		};
/* End PBXFrameworksBuildPhase section */

/* Begin PBXGroup section */
		E46EECEE1DE3151000E70EC7 = {
			isa = PBXGroup;
			children = (
				E46EECF91DE3151100E70EC7 /* 百思不得姐 */,
				E46EECF81DE3151100E70EC7 /* Products */,
			);
			sourceTree = "<group>";
		};
		E46EECF81DE3151100E70EC7 /* Products */ = {
			isa = PBXGroup;
			children = (
				E46EECF71DE3151100E70EC7 /* 百思不得姐.app */,
			);
			name = Products;
			sourceTree = "<group>";
		};
		E46EECF91DE3151100E70EC7 /* 百思不得姐 */ = {
			isa = PBXGroup;
			children = (
				E46EECFD1DE3151100E70EC7 /* AppDelegate.h */,
				E46EECFE1DE3151100E70EC7 /* AppDelegate.m */,
				E46EED001DE3151100E70EC7 /* ViewController.h */,
				E46EED011DE3151100E70EC7 /* ViewController.m */,
				E46EED031DE3151100E70EC7 /* Main.storyboard */,
				E46EED061DE3151100E70EC7 /* Assets.xcassets */,
				E46EED081DE3151100E70EC7 /* LaunchScreen.storyboard */,
				E46EED0B1DE3151100E70EC7 /* Info.plist */,
				E46EECFA1DE3151100E70EC7 /* Supporting Files */,
			);
			path = "百思不得姐";
			sourceTree = "<group>";
		};
		E46EECFA1DE3151100E70EC7 /* Supporting Files */ = {
			isa = PBXGroup;
			children = (
				E46EECFB1DE3151100E70EC7 /* main.m */,
			);
			name = "Supporting Files";
			sourceTree = "<group>";
		};
/* End PBXGroup section */

/* Begin PBXNativeTarget section */
		E46EECF61DE3151100E70EC7 /* 百思不得姐 */ = {
			isa = PBXNativeTarget;
			buildConfigurationList = E46EED0E1DE3151100E70EC7 /* Build configuration list for PBXNativeTarget "百思不得姐" */;
			buildPhases = (
				E46EECF31DE3151100E70EC7 /* Sources */,
				E46EECF41DE3151100E70EC7 /* Frameworks */,
				E46EECF51DE3151100E70EC7 /* Resources */,
			);
			buildRules = (
			);
			dependencies = (
			);
			name = "百思不得姐";
			productName = "百思不得姐";
			productReference = E46EECF71DE3151100E70EC7 /* 百思不得姐.app */;
			productType = "com.apple.product-type.application";
		};
/* End PBXNativeTarget section */

/* Begin PBXProject section */
		E46EECEF1DE3151000E70EC7 /* Project object */ = {
			isa = PBXProject;
			attributes = {
				LastUpgradeCheck = 0720;
				ORGANIZATIONNAME = skyPeat;
				TargetAttributes = {
					E46EECF61DE3151100E70EC7 = {
						CreatedOnToolsVersion = 7.2.1;
					};
				};
			};
			buildConfigurationList = E46EECF21DE3151000E70EC7 /* Build configuration list for PBXProject "百思不得姐" */;
			compatibilityVersion = "Xcode 3.2";
			developmentRegion = English;
			hasScannedForEncodings = 0;
			knownRegions = (
				en,
				Base,
			);
			mainGroup = E46EECEE1DE3151000E70EC7;
			productRefGroup = E46EECF81DE3151100E70EC7 /* Products */;
			projectDirPath = "";
			projectRoot = "";
			targets = (
				E46EECF61DE3151100E70EC7 /* 百思不得姐 */,
			);
		};
/* End PBXProject section */

/* Begin PBXResourcesBuildPhase section */
		E46EECF51DE3151100E70EC7 /* Resources */ = {
			isa = PBXResourcesBuildPhase;
			buildActionMask = 2147483647;
			files = (
				E46EED0A1DE3151100E70EC7 /* LaunchScreen.storyboard in Resources */,
				E46EED071DE3151100E70EC7 /* Assets.xcassets in Resources */,
				E46EED051DE3151100E70EC7 /* Main.storyboard in Resources */,
			);
			runOnlyForDeploymentPostprocessing = 0;
		};
/* End PBXResourcesBuildPhase section */

/* Begin PBXSourcesBuildPhase section */
		E46EECF31DE3151100E70EC7 /* Sources */ = {
			isa = PBXSourcesBuildPhase;
			buildActionMask = 2147483647;
			files = (
				E46EED021DE3151100E70EC7 /* ViewController.m in Sources */,
				E46EECFF1DE3151100E70EC7 /* AppDelegate.m in Sources */,
				E46EECFC1DE3151100E70EC7 /* main.m in Sources */,
			);
			runOnlyForDeploymentPostprocessing = 0;
		};
/* End PBXSourcesBuildPhase section */

/* Begin PBXVariantGroup section */
		E46EED031DE3151100E70EC7 /* Main.storyboard */ = {
			isa = PBXVariantGroup;
			children = (
				E46EED041DE3151100E70EC7 /* Base */,
			);
			name = Main.storyboard;
			sourceTree = "<group>";
		};
		E46EED081DE3151100E70EC7 /* LaunchScreen.storyboard */ = {
			isa = PBXVariantGroup;
			children = (
				E46EED091DE3151100E70EC7 /* Base */,
			);
			name = LaunchScreen.storyboard;
			sourceTree = "<group>";
		};
/* End PBXVariantGroup section */

/* Begin XCBuildConfiguration section */
		E46EED0C1DE3151100E70EC7 /* Debug */ = {
			isa = XCBuildConfiguration;
			buildSettings = {
				ALWAYS_SEARCH_USER_PATHS = NO;
				CLANG_CXX_LANGUAGE_STANDARD = "gnu++0x";
				CLANG_CXX_LIBRARY = "libc++";
				CLANG_ENABLE_MODULES = YES;
				CLANG_ENABLE_OBJC_ARC = YES;
				CLANG_WARN_BOOL_CONVERSION = YES;
				CLANG_WARN_CONSTANT_CONVERSION = YES;
				CLANG_WARN_DIRECT_OBJC_ISA_USAGE = YES_ERROR;
				CLANG_WARN_EMPTY_BODY = YES;
				CLANG_WARN_ENUM_CONVERSION = YES;
				CLANG_WARN_INT_CONVERSION = YES;
				CLANG_WARN_OBJC_ROOT_CLASS = YES_ERROR;
				CLANG_WARN_UNREACHABLE_CODE = YES;
				CLANG_WARN__DUPLICATE_METHOD_MATCH = YES;
				"CODE_SIGN_IDENTITY[sdk=iphoneos*]" = "iPhone Developer";
				COPY_PHASE_STRIP = NO;
				DEBUG_INFORMATION_FORMAT = dwarf;
				ENABLE_STRICT_OBJC_MSGSEND = YES;
				ENABLE_TESTABILITY = YES;
				GCC_C_LANGUAGE_STANDARD = gnu99;
				GCC_DYNAMIC_NO_PIC = NO;
				GCC_NO_COMMON_BLOCKS = YES;
				GCC_OPTIMIZATION_LEVEL = 0;
				GCC_PREPROCESSOR_DEFINITIONS = (
					"DEBUG=1",
					"$(inherited)",
				);
				GCC_WARN_64_TO_32_BIT_CONVERSION = YES;
				GCC_WARN_ABOUT_RETURN_TYPE = YES_ERROR;
				GCC_WARN_UNDECLARED_SELECTOR = YES;
				GCC_WARN_UNINITIALIZED_AUTOS = YES_AGGRESSIVE;
				GCC_WARN_UNUSED_FUNCTION = YES;
				GCC_WARN_UNUSED_VARIABLE = YES;
				IPHONEOS_DEPLOYMENT_TARGET = 9.2;
				MTL_ENABLE_DEBUG_INFO = YES;
				ONLY_ACTIVE_ARCH = YES;
				SDKROOT = iphoneos;
			};
			name = Debug;
		};
		E46EED0D1DE3151100E70EC7 /* Release */ = {
			isa = XCBuildConfiguration;
			buildSettings = {
				ALWAYS_SEARCH_USER_PATHS = NO;
				CLANG_CXX_LANGUAGE_STANDARD = "gnu++0x";
				CLANG_CXX_LIBRARY = "libc++";
				CLANG_ENABLE_MODULES = YES;
				CLANG_ENABLE_OBJC_ARC = YES;
				CLANG_WARN_BOOL_CONVERSION = YES;
				CLANG_WARN_CONSTANT_CONVERSION = YES;
				CLANG_WARN_DIRECT_OBJC_ISA_USAGE = YES_ERROR;
				CLANG_WARN_EMPTY_BODY = YES;
				CLANG_WARN_ENUM_CONVERSION = YES;
				CLANG_WARN_INT_CONVERSION = YES;
				CLANG_WARN_OBJC_ROOT_CLASS = YES_ERROR;
				CLANG_WARN_UNREACHABLE_CODE = YES;
				CLANG_WARN__DUPLICATE_METHOD_MATCH = YES;
				"CODE_SIGN_IDENTITY[sdk=iphoneos*]" = "iPhone Developer";
				COPY_PHASE_STRIP = NO;
				DEBUG_INFORMATION_FORMAT = "dwarf-with-dsym";
				ENABLE_NS_ASSERTIONS = NO;
				ENABLE_STRICT_OBJC_MSGSEND = YES;
				GCC_C_LANGUAGE_STANDARD = gnu99;
				GCC_NO_COMMON_BLOCKS = YES;
				GCC_WARN_64_TO_32_BIT_CONVERSION = YES;
				GCC_WARN_ABOUT_RETURN_TYPE = YES_ERROR;
				GCC_WARN_UNDECLARED_SELECTOR = YES;
				GCC_WARN_UNINITIALIZED_AUTOS = YES_AGGRESSIVE;
				GCC_WARN_UNUSED_FUNCTION = YES;
				GCC_WARN_UNUSED_VARIABLE = YES;
				IPHONEOS_DEPLOYMENT_TARGET = 9.2;
				MTL_ENABLE_DEBUG_INFO = NO;
				SDKROOT = iphoneos;
				VALIDATE_PRODUCT = YES;
			};
			name = Release;
		};
		E46EED0F1DE3151100E70EC7 /* Debug */ = {
			isa = XCBuildConfiguration;
			buildSettings = {
				ASSETCATALOG_COMPILER_APPICON_NAME = AppIcon;
				INFOPLIST_FILE = "百思不得姐/Info.plist";
				LD_RUNPATH_SEARCH_PATHS = "$(inherited) @executable_path/Frameworks";
				PRODUCT_BUNDLE_IDENTIFIER = "com.WYptf.www.-----";
				PRODUCT_NAME = "$(TARGET_NAME)";
			};
			name = Debug;
		};
		E46EED101DE3151100E70EC7 /* Release */ = {
			isa = XCBuildConfiguration;
			buildSettings = {
				ASSETCATALOG_COMPILER_APPICON_NAME = AppIcon;
				INFOPLIST_FILE = "百思不得姐/Info.plist";
				LD_RUNPATH_SEARCH_PATHS = "$(inherited) @executable_path/Frameworks";
				PRODUCT_BUNDLE_IDENTIFIER = "com.WYptf.www.-----";
				PRODUCT_NAME = "$(TARGET_NAME)";
			};
			name = Release;
		};
/* End XCBuildConfiguration section */

/* Begin XCConfigurationList section */
		E46EECF21DE3151000E70EC7 /* Build configuration list for PBXProject "百思不得姐" */ = {
			isa = XCConfigurationList;
			buildConfigurations = (
				E46EED0C1DE3151100E70EC7 /* Debug */,
				E46EED0D1DE3151100E70EC7 /* Release */,
			);
			defaultConfigurationIsVisible = 0;
			defaultConfigurationName = Release;
		};
		E46EED0E1DE3151100E70EC7 /* Build configuration list for PBXNativeTarget "百思不得姐" */ = {
			isa = XCConfigurationList;
			buildConfigurations = (
				E46EED0F1DE3151100E70EC7 /* Debug */,
				E46EED101DE3151100E70EC7 /* Release */,
			);
			defaultConfigurationIsVisible = 0;
		};
/* End XCConfigurationList section */
	};
	rootObject = E46EECEF1DE3151000E70EC7 /* Project object */;
}
